// !$*UTF8*$!
{
	archiveVersion = 1;
	classes = {
	};
	objectVersion = 50;
	objects = {

/* Begin PBXBuildFile section */
		690E9FDA54E33AE150456400 /* Pods_SwiftShieldExample.framework in Frameworks */ = {isa = PBXBuildFile; fileRef = 906E79CBAAED7E65DB3DE1FF /* Pods_SwiftShieldExample.framework */; };
		FD5360EF212DFC21004FB44F /* AppDelegate.swift in Sources */ = {isa = PBXBuildFile; fileRef = FD5360EE212DFC21004FB44F /* AppDelegate.swift */; };
		FD5360F1212DFC21004FB44F /* MyViewController.swift in Sources */ = {isa = PBXBuildFile; fileRef = FD5360F0212DFC21004FB44F /* MyViewController.swift */; };
		FD5360F4212DFC21004FB44F /* Main.storyboard in Resources */ = {isa = PBXBuildFile; fileRef = FD5360F2212DFC21004FB44F /* Main.storyboard */; };
		FD5360F6212DFC23004FB44F /* Assets.xcassets in Resources */ = {isa = PBXBuildFile; fileRef = FD5360F5212DFC23004FB44F /* Assets.xcassets */; };
		FD5360F9212DFC23004FB44F /* LaunchScreen.storyboard in Resources */ = {isa = PBXBuildFile; fileRef = FD5360F7212DFC23004FB44F /* LaunchScreen.storyboard */; };
/* End PBXBuildFile section */

/* Begin PBXFileReference section */
		887E68FDACDAF78F3E840DBC /* Pods-SwiftShieldExample.debug.xcconfig */ = {isa = PBXFileReference; includeInIndex = 1; lastKnownFileType = text.xcconfig; name = "Pods-SwiftShieldExample.debug.xcconfig"; path = "Pods/Target Support Files/Pods-SwiftShieldExample/Pods-SwiftShieldExample.debug.xcconfig"; sourceTree = "<group>"; };
		906E79CBAAED7E65DB3DE1FF /* Pods_SwiftShieldExample.framework */ = {isa = PBXFileReference; explicitFileType = wrapper.framework; includeInIndex = 0; path = Pods_SwiftShieldExample.framework; sourceTree = BUILT_PRODUCTS_DIR; };
		BD814D94DFF5C577F98E325F /* Pods-SwiftShieldExample.release.xcconfig */ = {isa = PBXFileReference; includeInIndex = 1; lastKnownFileType = text.xcconfig; name = "Pods-SwiftShieldExample.release.xcconfig"; path = "Pods/Target Support Files/Pods-SwiftShieldExample/Pods-SwiftShieldExample.release.xcconfig"; sourceTree = "<group>"; };
		FD5360EB212DFC21004FB44F /* SwiftShieldExample.app */ = {isa = PBXFileReference; explicitFileType = wrapper.application; includeInIndex = 0; path = SwiftShieldExample.app; sourceTree = BUILT_PRODUCTS_DIR; };
		FD5360EE212DFC21004FB44F /* AppDelegate.swift */ = {isa = PBXFileReference; lastKnownFileType = sourcecode.swift; path = AppDelegate.swift; sourceTree = "<group>"; };
		FD5360F0212DFC21004FB44F /* MyViewController.swift */ = {isa = PBXFileReference; lastKnownFileType = sourcecode.swift; path = MyViewController.swift; sourceTree = "<group>"; };
		FD5360F3212DFC21004FB44F /* Base */ = {isa = PBXFileReference; lastKnownFileType = file.storyboard; name = Base; path = Base.lproj/Main.storyboard; sourceTree = "<group>"; };
		FD5360F5212DFC23004FB44F /* Assets.xcassets */ = {isa = PBXFileReference; lastKnownFileType = folder.assetcatalog; path = Assets.xcassets; sourceTree = "<group>"; };
		FD5360F8212DFC23004FB44F /* Base */ = {isa = PBXFileReference; lastKnownFileType = file.storyboard; name = Base; path = Base.lproj/LaunchScreen.storyboard; sourceTree = "<group>"; };
		FD5360FA212DFC23004FB44F /* Info.plist */ = {isa = PBXFileReference; lastKnownFileType = text.plist.xml; path = Info.plist; sourceTree = "<group>"; };
/* End PBXFileReference section */

/* Begin PBXFrameworksBuildPhase section */
		FD5360E8212DFC21004FB44F /* Frameworks */ = {
			isa = PBXFrameworksBuildPhase;
			buildActionMask = 2147483647;
			files = (
				690E9FDA54E33AE150456400 /* Pods_SwiftShieldExample.framework in Frameworks */,
			);
			runOnlyForDeploymentPostprocessing = 0;
		};
/* End PBXFrameworksBuildPhase section */

/* Begin PBXGroup section */
		791ABDB44FE7C235598737B9 /* Pods */ = {
			isa = PBXGroup;
			children = (
				887E68FDACDAF78F3E840DBC /* Pods-SwiftShieldExample.debug.xcconfig */,
				BD814D94DFF5C577F98E325F /* Pods-SwiftShieldExample.release.xcconfig */,
			);
			name = Pods;
			sourceTree = "<group>";
		};
		794AB343A37E09A39350EE1A /* Frameworks */ = {
			isa = PBXGroup;
			children = (
				906E79CBAAED7E65DB3DE1FF /* Pods_SwiftShieldExample.framework */,
			);
			name = Frameworks;
			sourceTree = "<group>";
		};
		FD5360E2212DFC21004FB44F = {
			isa = PBXGroup;
			children = (
				FD5360ED212DFC21004FB44F /* SwiftShieldExample */,
				FD5360EC212DFC21004FB44F /* Products */,
				791ABDB44FE7C235598737B9 /* Pods */,
				794AB343A37E09A39350EE1A /* Frameworks */,
			);
			sourceTree = "<group>";
		};
		FD5360EC212DFC21004FB44F /* Products */ = {
			isa = PBXGroup;
			children = (
				FD5360EB212DFC21004FB44F /* SwiftShieldExample.app */,
			);
			name = Products;
			sourceTree = "<group>";
		};
		FD5360ED212DFC21004FB44F /* SwiftShieldExample */ = {
			isa = PBXGroup;
			children = (
				FD5360EE212DFC21004FB44F /* AppDelegate.swift */,
				FD5360F0212DFC21004FB44F /* MyViewController.swift */,
				FD5360F2212DFC21004FB44F /* Main.storyboard */,
				FD5360F5212DFC23004FB44F /* Assets.xcassets */,
				FD5360F7212DFC23004FB44F /* LaunchScreen.storyboard */,
				FD5360FA212DFC23004FB44F /* Info.plist */,
			);
			path = SwiftShieldExample;
			sourceTree = "<group>";
		};
/* End PBXGroup section */

/* Begin PBXNativeTarget section */
		FD5360EA212DFC21004FB44F /* SwiftShieldExample */ = {
			isa = PBXNativeTarget;
			buildConfigurationList = FD5360FD212DFC23004FB44F /* Build configuration list for PBXNativeTarget "SwiftShieldExample" */;
			buildPhases = (
				4F2B66B41122E5BF09D054AD /* [CP] Check Pods Manifest.lock */,
				FD5360E7212DFC21004FB44F /* Sources */,
				FD5360E8212DFC21004FB44F /* Frameworks */,
				FD5360E9212DFC21004FB44F /* Resources */,
				9F318FF03689B66C34DE349D /* [CP] Embed Pods Frameworks */,
			);
			buildRules = (
			);
			dependencies = (
			);
			name = SwiftShieldExample;
			productName = SwiftShieldExample;
			productReference = FD5360EB212DFC21004FB44F /* SwiftShieldExample.app */;
			productType = "com.apple.product-type.application";
		};
/* End PBXNativeTarget section */

/* Begin PBXProject section */
		FD5360E3212DFC21004FB44F /* Project object */ = {
			isa = PBXProject;
			attributes = {
				LastSwiftUpdateCheck = 0940;
				LastUpgradeCheck = 0940;
				ORGANIZATIONNAME = rockbruno;
				TargetAttributes = {
					FD5360EA212DFC21004FB44F = {
						CreatedOnToolsVersion = 9.4.1;
					};
				};
			};
			buildConfigurationList = FD5360E6212DFC21004FB44F /* Build configuration list for PBXProject "SwiftShieldExample" */;
			compatibilityVersion = "Xcode 9.3";
			developmentRegion = en;
			hasScannedForEncodings = 0;
			knownRegions = (
				en,
				Base,
			);
			mainGroup = FD5360E2212DFC21004FB44F;
			productRefGroup = FD5360EC212DFC21004FB44F /* Products */;
			projectDirPath = "";
			projectRoot = "";
			targets = (
				FD5360EA212DFC21004FB44F /* SwiftShieldExample */,
			);
		};
/* End PBXProject section */

/* Begin PBXResourcesBuildPhase section */
		FD5360E9212DFC21004FB44F /* Resources */ = {
			isa = PBXResourcesBuildPhase;
			buildActionMask = 2147483647;
			files = (
				FD5360F9212DFC23004FB44F /* LaunchScreen.storyboard in Resources */,
				FD5360F6212DFC23004FB44F /* Assets.xcassets in Resources */,
				FD5360F4212DFC21004FB44F /* Main.storyboard in Resources */,
			);
			runOnlyForDeploymentPostprocessing = 0;
		};
/* End PBXResourcesBuildPhase section */

/* Begin PBXShellScriptBuildPhase section */
		4F2B66B41122E5BF09D054AD /* [CP] Check Pods Manifest.lock */ = {
			isa = PBXShellScriptBuildPhase;
			buildActionMask = 2147483647;
			files = (
			);
			inputPaths = (
				"${PODS_PODFILE_DIR_PATH}/Podfile.lock",
				"${PODS_ROOT}/Manifest.lock",
			);
			name = "[CP] Check Pods Manifest.lock";
			outputPaths = (
				"$(DERIVED_FILE_DIR)/Pods-SwiftShieldExample-checkManifestLockResult.txt",
			);
			runOnlyForDeploymentPostprocessing = 0;
			shellPath = /bin/sh;
			shellScript = "diff \"${PODS_PODFILE_DIR_PATH}/Podfile.lock\" \"${PODS_ROOT}/Manifest.lock\" > /dev/null\nif [ $? != 0 ] ; then\n    # print error to STDERR\n    echo \"error: The sandbox is not in sync with the Podfile.lock. Run 'pod install' or update your CocoaPods installation.\" >&2\n    exit 1\nfi\n# This output is used by Xcode 'outputs' to avoid re-running this script phase.\necho \"SUCCESS\" > \"${SCRIPT_OUTPUT_FILE_0}\"\n";
			showEnvVarsInLog = 0;
		};
		9F318FF03689B66C34DE349D /* [CP] Embed Pods Frameworks */ = {
			isa = PBXShellScriptBuildPhase;
			buildActionMask = 2147483647;
			files = (
			);
			inputPaths = (
				"${PODS_ROOT}/Target Support Files/Pods-SwiftShieldExample/Pods-SwiftShieldExample-frameworks.sh",
				"${BUILT_PRODUCTS_DIR}/AWSCore/AWSCore.framework",
				"${BUILT_PRODUCTS_DIR}/Cartography/Cartography.framework",
				"${BUILT_PRODUCTS_DIR}/Unbox/Unbox.framework",
			);
			name = "[CP] Embed Pods Frameworks";
			outputPaths = (
				"${TARGET_BUILD_DIR}/${FRAMEWORKS_FOLDER_PATH}/AWSCore.framework",
				"${TARGET_BUILD_DIR}/${FRAMEWORKS_FOLDER_PATH}/Cartography.framework",
				"${TARGET_BUILD_DIR}/${FRAMEWORKS_FOLDER_PATH}/Unbox.framework",
			);
			runOnlyForDeploymentPostprocessing = 0;
			shellPath = /bin/sh;
			shellScript = "\"${PODS_ROOT}/Target Support Files/Pods-SwiftShieldExample/Pods-SwiftShieldExample-frameworks.sh\"\n";
			showEnvVarsInLog = 0;
		};
/* End PBXShellScriptBuildPhase section */

/* Begin PBXSourcesBuildPhase section */
		FD5360E7212DFC21004FB44F /* Sources */ = {
			isa = PBXSourcesBuildPhase;
			buildActionMask = 2147483647;
			files = (
				FD5360F1212DFC21004FB44F /* MyViewController.swift in Sources */,
				FD5360EF212DFC21004FB44F /* AppDelegate.swift in Sources */,
			);
			runOnlyForDeploymentPostprocessing = 0;
		};
/* End PBXSourcesBuildPhase section */

/* Begin PBXVariantGroup section */
		FD5360F2212DFC21004FB44F /* Main.storyboard */ = {
			isa = PBXVariantGroup;
			children = (
				FD5360F3212DFC21004FB44F /* Base */,
			);
			name = Main.storyboard;
			sourceTree = "<group>";
		};
		FD5360F7212DFC23004FB44F /* LaunchScreen.storyboard */ = {
			isa = PBXVariantGroup;
			children = (
				FD5360F8212DFC23004FB44F /* Base */,
			);
			name = LaunchScreen.storyboard;
			sourceTree = "<group>";
		};
/* End PBXVariantGroup section */

/* Begin XCBuildConfiguration section */
		FD5360FB212DFC23004FB44F /* Debug */ = {
			isa = XCBuildConfiguration;
			buildSettings = {
				ALWAYS_SEARCH_USER_PATHS = NO;
				CLANG_ANALYZER_NONNULL = YES;
				CLANG_ANALYZER_NUMBER_OBJECT_CONVERSION = YES_AGGRESSIVE;
				CLANG_CXX_LANGUAGE_STANDARD = "gnu++14";
				CLANG_CXX_LIBRARY = "libc++";
				CLANG_ENABLE_MODULES = YES;
				CLANG_ENABLE_OBJC_ARC = YES;
				CLANG_ENABLE_OBJC_WEAK = YES;
				CLANG_WARN_BLOCK_CAPTURE_AUTORELEASING = YES;
				CLANG_WARN_BOOL_CONVERSION = YES;
				CLANG_WARN_COMMA = YES;
				CLANG_WARN_CONSTANT_CONVERSION = YES;
				CLANG_WARN_DEPRECATED_OBJC_IMPLEMENTATIONS = YES;
				CLANG_WARN_DIRECT_OBJC_ISA_USAGE = YES_ERROR;
				CLANG_WARN_DOCUMENTATION_COMMENTS = YES;
				CLANG_WARN_EMPTY_BODY = YES;
				CLANG_WARN_ENUM_CONVERSION = YES;
				CLANG_WARN_INFINITE_RECURSION = YES;
				CLANG_WARN_INT_CONVERSION = YES;
				CLANG_WARN_NON_LITERAL_NULL_CONVERSION = YES;
				CLANG_WARN_OBJC_IMPLICIT_RETAIN_SELF = YES;
				CLANG_WARN_OBJC_LITERAL_CONVERSION = YES;
				CLANG_WARN_OBJC_ROOT_CLASS = YES_ERROR;
				CLANG_WARN_RANGE_LOOP_ANALYSIS = YES;
				CLANG_WARN_STRICT_PROTOTYPES = YES;
				CLANG_WARN_SUSPICIOUS_MOVE = YES;
				CLANG_WARN_UNGUARDED_AVAILABILITY = YES_AGGRESSIVE;
				CLANG_WARN_UNREACHABLE_CODE = YES;
				CLANG_WARN__DUPLICATE_METHOD_MATCH = YES;
				CODE_SIGN_IDENTITY = "iPhone Developer";
				COPY_PHASE_STRIP = NO;
				DEBUG_INFORMATION_FORMAT = dwarf;
				ENABLE_STRICT_OBJC_MSGSEND = YES;
				ENABLE_TESTABILITY = YES;
				GCC_C_LANGUAGE_STANDARD = gnu11;
				GCC_DYNAMIC_NO_PIC = NO;
				GCC_NO_COMMON_BLOCKS = YES;
				GCC_OPTIMIZATION_LEVEL = 0;
				GCC_PREPROCESSOR_DEFINITIONS = (
					"DEBUG=1",
					"$(inherited)",
				);
				GCC_WARN_64_TO_32_BIT_CONVERSION = YES;
				GCC_WARN_ABOUT_RETURN_TYPE = YES_ERROR;
				GCC_WARN_UNDECLARED_SELECTOR = YES;
				GCC_WARN_UNINITIALIZED_AUTOS = YES_AGGRESSIVE;
				GCC_WARN_UNUSED_FUNCTION = YES;
				GCC_WARN_UNUSED_VARIABLE = YES;
				IPHONEOS_DEPLOYMENT_TARGET = 11.4;
				MTL_ENABLE_DEBUG_INFO = YES;
				ONLY_ACTIVE_ARCH = YES;
				SDKROOT = iphoneos;
				SWIFT_ACTIVE_COMPILATION_CONDITIONS = DEBUG;
				SWIFT_OPTIMIZATION_LEVEL = "-Onone";
			};
			name = Debug;
		};
		FD5360FC212DFC23004FB44F /* Release */ = {
			isa = XCBuildConfiguration;
			buildSettings = {
				ALWAYS_SEARCH_USER_PATHS = NO;
				CLANG_ANALYZER_NONNULL = YES;
				CLANG_ANALYZER_NUMBER_OBJECT_CONVERSION = YES_AGGRESSIVE;
				CLANG_CXX_LANGUAGE_STANDARD = "gnu++14";
				CLANG_CXX_LIBRARY = "libc++";
				CLANG_ENABLE_MODULES = YES;
				CLANG_ENABLE_OBJC_ARC = YES;
				CLANG_ENABLE_OBJC_WEAK = YES;
				CLANG_WARN_BLOCK_CAPTURE_AUTORELEASING = YES;
				CLANG_WARN_BOOL_CONVERSION = YES;
				CLANG_WARN_COMMA = YES;
				CLANG_WARN_CONSTANT_CONVERSION = YES;
				CLANG_WARN_DEPRECATED_OBJC_IMPLEMENTATIONS = YES;
				CLANG_WARN_DIRECT_OBJC_ISA_USAGE = YES_ERROR;
				CLANG_WARN_DOCUMENTATION_COMMENTS = YES;
				CLANG_WARN_EMPTY_BODY = YES;
				CLANG_WARN_ENUM_CONVERSION = YES;
				CLANG_WARN_INFINITE_RECURSION = YES;
				CLANG_WARN_INT_CONVERSION = YES;
				CLANG_WARN_NON_LITERAL_NULL_CONVERSION = YES;
				CLANG_WARN_OBJC_IMPLICIT_RETAIN_SELF = YES;
				CLANG_WARN_OBJC_LITERAL_CONVERSION = YES;
				CLANG_WARN_OBJC_ROOT_CLASS = YES_ERROR;
				CLANG_WARN_RANGE_LOOP_ANALYSIS = YES;
				CLANG_WARN_STRICT_PROTOTYPES = YES;
				CLANG_WARN_SUSPICIOUS_MOVE = YES;
				CLANG_WARN_UNGUARDED_AVAILABILITY = YES_AGGRESSIVE;
				CLANG_WARN_UNREACHABLE_CODE = YES;
				CLANG_WARN__DUPLICATE_METHOD_MATCH = YES;
				CODE_SIGN_IDENTITY = "iPhone Developer";
				COPY_PHASE_STRIP = NO;
				DEBUG_INFORMATION_FORMAT = "dwarf-with-dsym";
				ENABLE_NS_ASSERTIONS = NO;
				ENABLE_STRICT_OBJC_MSGSEND = YES;
				GCC_C_LANGUAGE_STANDARD = gnu11;
				GCC_NO_COMMON_BLOCKS = YES;
				GCC_WARN_64_TO_32_BIT_CONVERSION = YES;
				GCC_WARN_ABOUT_RETURN_TYPE = YES_ERROR;
				GCC_WARN_UNDECLARED_SELECTOR = YES;
				GCC_WARN_UNINITIALIZED_AUTOS = YES_AGGRESSIVE;
				GCC_WARN_UNUSED_FUNCTION = YES;
				GCC_WARN_UNUSED_VARIABLE = YES;
				IPHONEOS_DEPLOYMENT_TARGET = 11.4;
				MTL_ENABLE_DEBUG_INFO = NO;
				SDKROOT = iphoneos;
				SWIFT_COMPILATION_MODE = wholemodule;
				SWIFT_OPTIMIZATION_LEVEL = "-O";
				VALIDATE_PRODUCT = YES;
			};
			name = Release;
		};
		FD5360FE212DFC23004FB44F /* Debug */ = {
			isa = XCBuildConfiguration;
			baseConfigurationReference = 887E68FDACDAF78F3E840DBC /* Pods-SwiftShieldExample.debug.xcconfig */;
			buildSettings = {
				ASSETCATALOG_COMPILER_APPICON_NAME = AppIcon;
				CODE_SIGN_STYLE = Automatic;
				DEVELOPMENT_TEAM = 4GEC7S6VF4;
				INFOPLIST_FILE = SwiftShieldExample/Info.plist;
				LD_RUNPATH_SEARCH_PATHS = (
					"$(inherited)",
					"@executable_path/Frameworks",
				);
				PRODUCT_BUNDLE_IDENTIFIER = com.rockbruno.SwiftShieldExample;
				PRODUCT_NAME = "$(TARGET_NAME)";
				SWIFT_VERSION = 4.0;
				TARGETED_DEVICE_FAMILY = "1,2";
			};
			name = Debug;
		};
		FD5360FF212DFC23004FB44F /* Release */ = {
			isa = XCBuildConfiguration;
			baseConfigurationReference = BD814D94DFF5C577F98E325F /* Pods-SwiftShieldExample.release.xcconfig */;
			buildSettings = {
				ASSETCATALOG_COMPILER_APPICON_NAME = AppIcon;
				CODE_SIGN_STYLE = Automatic;
				DEVELOPMENT_TEAM = 4GEC7S6VF4;
				INFOPLIST_FILE = SwiftShieldExample/Info.plist;
				LD_RUNPATH_SEARCH_PATHS = (
					"$(inherited)",
					"@executable_path/Frameworks",
				);
				PRODUCT_BUNDLE_IDENTIFIER = com.rockbruno.SwiftShieldExample;
				PRODUCT_NAME = "$(TARGET_NAME)";
				SWIFT_VERSION = 4.0;
				TARGETED_DEVICE_FAMILY = "1,2";
			};
			name = Release;
		};
/* End XCBuildConfiguration section */

/* Begin XCConfigurationList section */
		FD5360E6212DFC21004FB44F /* Build configuration list for PBXProject "SwiftShieldExample" */ = {
			isa = XCConfigurationList;
			buildConfigurations = (
				FD5360FB212DFC23004FB44F /* Debug */,
				FD5360FC212DFC23004FB44F /* Release */,
			);
			defaultConfigurationIsVisible = 0;
			defaultConfigurationName = Release;
		};
		FD5360FD212DFC23004FB44F /* Build configuration list for PBXNativeTarget "SwiftShieldExample" */ = {
			isa = XCConfigurationList;
			buildConfigurations = (
				FD5360FE212DFC23004FB44F /* Debug */,
				FD5360FF212DFC23004FB44F /* Release */,
			);
			defaultConfigurationIsVisible = 0;
			defaultConfigurationName = Release;
		};
/* End XCConfigurationList section */
	};
	rootObject = FD5360E3212DFC21004FB44F /* Project object */;
}
