// !$*UTF8*$!
{
	archiveVersion = 1;
	classes = {
	};
	objectVersion = 46;
	objects = {

/* Begin PBXBuildFile section */
		FD0B10B31E2F91FA00AED458 /* AppDelegate.swift in Sources */ = {isa = PBXBuildFile; fileRef = FD0B10B21E2F91FA00AED458 /* AppDelegate.swift */; };
		FD0B10B51E2F91FA00AED458 /* ViewController.swift in Sources */ = {isa = PBXBuildFile; fileRef = FD0B10B41E2F91FA00AED458 /* ViewController.swift */; };
		FD0B10B81E2F91FA00AED458 /* Main.storyboard in Resources */ = {isa = PBXBuildFile; fileRef = FD0B10B61E2F91FA00AED458 /* Main.storyboard */; };
		FD0B10BA1E2F91FA00AED458 /* Assets.xcassets in Resources */ = {isa = PBXBuildFile; fileRef = FD0B10B91E2F91FA00AED458 /* Assets.xcassets */; };
		FD0B10BD1E2F91FA00AED458 /* LaunchScreen.storyboard in Resources */ = {isa = PBXBuildFile; fileRef = FD0B10BB1E2F91FA00AED458 /* LaunchScreen.storyboard */; };
/* End PBXBuildFile section */

/* Begin PBXFileReference section */
		FD0B10AF1E2F91FA00AED458 /* SwiftProtectorExample.app */ = {isa = PBXFileReference; explicitFileType = wrapper.application; includeInIndex = 0; path = SwiftProtectorExample.app; sourceTree = BUILT_PRODUCTS_DIR; };
		FD0B10B21E2F91FA00AED458 /* AppDelegate.swift */ = {isa = PBXFileReference; lastKnownFileType = sourcecode.swift; path = AppDelegate.swift; sourceTree = "<group>"; };
		FD0B10B41E2F91FA00AED458 /* ViewController.swift */ = {isa = PBXFileReference; lastKnownFileType = sourcecode.swift; path = ViewController.swift; sourceTree = "<group>"; };
		FD0B10B71E2F91FA00AED458 /* Base */ = {isa = PBXFileReference; lastKnownFileType = file.storyboard; name = Base; path = Base.lproj/Main.storyboard; sourceTree = "<group>"; };
		FD0B10B91E2F91FA00AED458 /* Assets.xcassets */ = {isa = PBXFileReference; lastKnownFileType = folder.assetcatalog; path = Assets.xcassets; sourceTree = "<group>"; };
		FD0B10BC1E2F91FA00AED458 /* Base */ = {isa = PBXFileReference; lastKnownFileType = file.storyboard; name = Base; path = Base.lproj/LaunchScreen.storyboard; sourceTree = "<group>"; };
		FD0B10BE1E2F91FA00AED458 /* Info.plist */ = {isa = PBXFileReference; lastKnownFileType = text.plist.xml; path = Info.plist; sourceTree = "<group>"; };
/* End PBXFileReference section */

/* Begin PBXFrameworksBuildPhase section */
		FD0B10AC1E2F91FA00AED458 /* Frameworks */ = {
			isa = PBXFrameworksBuildPhase;
			buildActionMask = 2147483647;
			files = (
			);
			runOnlyForDeploymentPostprocessing = 0;
		};
/* End PBXFrameworksBuildPhase section */

/* Begin PBXGroup section */
		FD0B10A61E2F91FA00AED458 = {
			isa = PBXGroup;
			children = (
				FD0B10B11E2F91FA00AED458 /* SwiftProtectorExample */,
				FD0B10B01E2F91FA00AED458 /* Products */,
			);
			sourceTree = "<group>";
		};
		FD0B10B01E2F91FA00AED458 /* Products */ = {
			isa = PBXGroup;
			children = (
				FD0B10AF1E2F91FA00AED458 /* SwiftProtectorExample.app */,
			);
			name = Products;
			sourceTree = "<group>";
		};
		FD0B10B11E2F91FA00AED458 /* SwiftProtectorExample */ = {
			isa = PBXGroup;
			children = (
				FD0B10B21E2F91FA00AED458 /* AppDelegate.swift */,
				FD0B10B41E2F91FA00AED458 /* ViewController.swift */,
				FD0B10B61E2F91FA00AED458 /* Main.storyboard */,
				FD0B10B91E2F91FA00AED458 /* Assets.xcassets */,
				FD0B10BB1E2F91FA00AED458 /* LaunchScreen.storyboard */,
				FD0B10BE1E2F91FA00AED458 /* Info.plist */,
			);
			path = SwiftProtectorExample;
			sourceTree = "<group>";
		};
/* End PBXGroup section */

/* Begin PBXNativeTarget section */
		FD0B10AE1E2F91FA00AED458 /* SwiftProtectorExample */ = {
			isa = PBXNativeTarget;
			buildConfigurationList = FD0B10C11E2F91FA00AED458 /* Build configuration list for PBXNativeTarget "SwiftProtectorExample" */;
			buildPhases = (
				FD5F33DA1E4DF1F600BA07D3 /* SwiftShield */,
				FD0B10AB1E2F91FA00AED458 /* Sources */,
				FD0B10AC1E2F91FA00AED458 /* Frameworks */,
				FD0B10AD1E2F91FA00AED458 /* Resources */,
			);
			buildRules = (
			);
			dependencies = (
			);
			name = SwiftProtectorExample;
			productName = SwiftProtectorExample;
			productReference = FD0B10AF1E2F91FA00AED458 /* SwiftProtectorExample.app */;
			productType = "com.apple.product-type.application";
		};
/* End PBXNativeTarget section */

/* Begin PBXProject section */
		FD0B10A71E2F91FA00AED458 /* Project object */ = {
			isa = PBXProject;
			attributes = {
				LastSwiftUpdateCheck = 0810;
				LastUpgradeCheck = 0810;
				ORGANIZATIONNAME = "Bruno Rocha";
				TargetAttributes = {
					FD0B10AE1E2F91FA00AED458 = {
						CreatedOnToolsVersion = 8.1;
						DevelopmentTeam = WZ2UP2QF9G;
						ProvisioningStyle = Automatic;
					};
				};
			};
			buildConfigurationList = FD0B10AA1E2F91FA00AED458 /* Build configuration list for PBXProject "SwiftProtectorExample" */;
			compatibilityVersion = "Xcode 3.2";
			developmentRegion = English;
			hasScannedForEncodings = 0;
			knownRegions = (
				en,
				Base,
			);
			mainGroup = FD0B10A61E2F91FA00AED458;
			productRefGroup = FD0B10B01E2F91FA00AED458 /* Products */;
			projectDirPath = "";
			projectRoot = "";
			targets = (
				FD0B10AE1E2F91FA00AED458 /* SwiftProtectorExample */,
			);
		};
/* End PBXProject section */

/* Begin PBXResourcesBuildPhase section */
		FD0B10AD1E2F91FA00AED458 /* Resources */ = {
			isa = PBXResourcesBuildPhase;
			buildActionMask = 2147483647;
			files = (
				FD0B10BD1E2F91FA00AED458 /* LaunchScreen.storyboard in Resources */,
				FD0B10BA1E2F91FA00AED458 /* Assets.xcassets in Resources */,
				FD0B10B81E2F91FA00AED458 /* Main.storyboard in Resources */,
			);
			runOnlyForDeploymentPostprocessing = 0;
		};
/* End PBXResourcesBuildPhase section */

/* Begin PBXShellScriptBuildPhase section */
		FD5F33DA1E4DF1F600BA07D3 /* SwiftShield */ = {
			isa = PBXShellScriptBuildPhase;
			buildActionMask = 2147483647;
			files = (
			);
			inputPaths = (
			);
			name = SwiftShield;
			outputPaths = (
			);
			runOnlyForDeploymentPostprocessing = 0;
			shellPath = /bin/sh;
			shellScript = "ONLY_RUN_AT=\"Release\"\nMAIN_SCHEME=\"SwiftProtectorExample-AppStore\"\nIGNORE_SCHEMES=\"SwiftProtectorExample-CI,SwiftProtectorExample-Debug\"\n\nif [ \"$CONFIGURATION\" = \"$ONLY_RUN_AT\" ] && [ \"$ALREADY_RUNNING_SWIFTSHIELD\" != \"true\" ]; then\n    \"$SRCROOT/swiftshield\" -projectroot \"$SRCROOT\" -scheme \"$MAIN_SCHEME\" -ignoreschemes \"$IGNORED_SCHEMES\" -v\nfi";
		};
/* End PBXShellScriptBuildPhase section */

/* Begin PBXSourcesBuildPhase section */
		FD0B10AB1E2F91FA00AED458 /* Sources */ = {
			isa = PBXSourcesBuildPhase;
			buildActionMask = 2147483647;
			files = (
				FD0B10B51E2F91FA00AED458 /* ViewController.swift in Sources */,
				FD0B10B31E2F91FA00AED458 /* AppDelegate.swift in Sources */,
			);
			runOnlyForDeploymentPostprocessing = 0;
		};
/* End PBXSourcesBuildPhase section */

/* Begin PBXVariantGroup section */
		FD0B10B61E2F91FA00AED458 /* Main.storyboard */ = {
			isa = PBXVariantGroup;
			children = (
				FD0B10B71E2F91FA00AED458 /* Base */,
			);
			name = Main.storyboard;
			sourceTree = "<group>";
		};
		FD0B10BB1E2F91FA00AED458 /* LaunchScreen.storyboard */ = {
			isa = PBXVariantGroup;
			children = (
				FD0B10BC1E2F91FA00AED458 /* Base */,
			);
			name = LaunchScreen.storyboard;
			sourceTree = "<group>";
		};
/* End PBXVariantGroup section */

/* Begin XCBuildConfiguration section */
		FD0B10BF1E2F91FA00AED458 /* Debug */ = {
			isa = XCBuildConfiguration;
			buildSettings = {
				ALWAYS_SEARCH_USER_PATHS = NO;
				CLANG_ANALYZER_NONNULL = YES;
				CLANG_CXX_LANGUAGE_STANDARD = "gnu++0x";
				CLANG_CXX_LIBRARY = "libc++";
				CLANG_ENABLE_MODULES = YES;
				CLANG_ENABLE_OBJC_ARC = YES;
				CLANG_WARN_BOOL_CONVERSION = YES;
				CLANG_WARN_CONSTANT_CONVERSION = YES;
				CLANG_WARN_DIRECT_OBJC_ISA_USAGE = YES_ERROR;
				CLANG_WARN_DOCUMENTATION_COMMENTS = YES;
				CLANG_WARN_EMPTY_BODY = YES;
				CLANG_WARN_ENUM_CONVERSION = YES;
				CLANG_WARN_INFINITE_RECURSION = YES;
				CLANG_WARN_INT_CONVERSION = YES;
				CLANG_WARN_OBJC_ROOT_CLASS = YES_ERROR;
				CLANG_WARN_SUSPICIOUS_MOVES = YES;
				CLANG_WARN_UNREACHABLE_CODE = YES;
				CLANG_WARN__DUPLICATE_METHOD_MATCH = YES;
				"CODE_SIGN_IDENTITY[sdk=iphoneos*]" = "iPhone Developer";
				COPY_PHASE_STRIP = NO;
				DEBUG_INFORMATION_FORMAT = dwarf;
				ENABLE_STRICT_OBJC_MSGSEND = YES;
				ENABLE_TESTABILITY = YES;
				GCC_C_LANGUAGE_STANDARD = gnu99;
				GCC_DYNAMIC_NO_PIC = NO;
				GCC_NO_COMMON_BLOCKS = YES;
				GCC_OPTIMIZATION_LEVEL = 0;
				GCC_PREPROCESSOR_DEFINITIONS = (
					"DEBUG=1",
					"$(inherited)",
				);
				GCC_WARN_64_TO_32_BIT_CONVERSION = YES;
				GCC_WARN_ABOUT_RETURN_TYPE = YES_ERROR;
				GCC_WARN_UNDECLARED_SELECTOR = YES;
				GCC_WARN_UNINITIALIZED_AUTOS = YES_AGGRESSIVE;
				GCC_WARN_UNUSED_FUNCTION = YES;
				GCC_WARN_UNUSED_VARIABLE = YES;
				IPHONEOS_DEPLOYMENT_TARGET = 10.1;
				MTL_ENABLE_DEBUG_INFO = YES;
				ONLY_ACTIVE_ARCH = YES;
				SDKROOT = iphoneos;
				SWIFT_ACTIVE_COMPILATION_CONDITIONS = DEBUG;
				SWIFT_OPTIMIZATION_LEVEL = "-Onone";
				TARGETED_DEVICE_FAMILY = "1,2";
			};
			name = Debug;
		};
		FD0B10C01E2F91FA00AED458 /* Release */ = {
			isa = XCBuildConfiguration;
			buildSettings = {
				ALWAYS_SEARCH_USER_PATHS = NO;
				CLANG_ANALYZER_NONNULL = YES;
				CLANG_CXX_LANGUAGE_STANDARD = "gnu++0x";
				CLANG_CXX_LIBRARY = "libc++";
				CLANG_ENABLE_MODULES = YES;
				CLANG_ENABLE_OBJC_ARC = YES;
				CLANG_WARN_BOOL_CONVERSION = YES;
				CLANG_WARN_CONSTANT_CONVERSION = YES;
				CLANG_WARN_DIRECT_OBJC_ISA_USAGE = YES_ERROR;
				CLANG_WARN_DOCUMENTATION_COMMENTS = YES;
				CLANG_WARN_EMPTY_BODY = YES;
				CLANG_WARN_ENUM_CONVERSION = YES;
				CLANG_WARN_INFINITE_RECURSION = YES;
				CLANG_WARN_INT_CONVERSION = YES;
				CLANG_WARN_OBJC_ROOT_CLASS = YES_ERROR;
				CLANG_WARN_SUSPICIOUS_MOVES = YES;
				CLANG_WARN_UNREACHABLE_CODE = YES;
				CLANG_WARN__DUPLICATE_METHOD_MATCH = YES;
				"CODE_SIGN_IDENTITY[sdk=iphoneos*]" = "iPhone Developer";
				COPY_PHASE_STRIP = NO;
				DEBUG_INFORMATION_FORMAT = "dwarf-with-dsym";
				ENABLE_NS_ASSERTIONS = NO;
				ENABLE_STRICT_OBJC_MSGSEND = YES;
				GCC_C_LANGUAGE_STANDARD = gnu99;
				GCC_NO_COMMON_BLOCKS = YES;
				GCC_WARN_64_TO_32_BIT_CONVERSION = YES;
				GCC_WARN_ABOUT_RETURN_TYPE = YES_ERROR;
				GCC_WARN_UNDECLARED_SELECTOR = YES;
				GCC_WARN_UNINITIALIZED_AUTOS = YES_AGGRESSIVE;
				GCC_WARN_UNUSED_FUNCTION = YES;
				GCC_WARN_UNUSED_VARIABLE = YES;
				IPHONEOS_DEPLOYMENT_TARGET = 10.1;
				MTL_ENABLE_DEBUG_INFO = NO;
				SDKROOT = iphoneos;
				SWIFT_OPTIMIZATION_LEVEL = "-Owholemodule";
				TARGETED_DEVICE_FAMILY = "1,2";
				VALIDATE_PRODUCT = YES;
			};
			name = Release;
		};
		FD0B10C21E2F91FA00AED458 /* Debug */ = {
			isa = XCBuildConfiguration;
			buildSettings = {
				ASSETCATALOG_COMPILER_APPICON_NAME = AppIcon;
				DEVELOPMENT_TEAM = WZ2UP2QF9G;
				INFOPLIST_FILE = SwiftProtectorExample/Info.plist;
				LD_RUNPATH_SEARCH_PATHS = "$(inherited) @executable_path/Frameworks";
				PRODUCT_BUNDLE_IDENTIFIER = com.brunorocha.SwiftProtectorExample;
				PRODUCT_NAME = "$(TARGET_NAME)";
				SWIFT_VERSION = 3.0;
			};
			name = Debug;
		};
		FD0B10C31E2F91FA00AED458 /* Release */ = {
			isa = XCBuildConfiguration;
			buildSettings = {
				ASSETCATALOG_COMPILER_APPICON_NAME = AppIcon;
				DEVELOPMENT_TEAM = WZ2UP2QF9G;
				INFOPLIST_FILE = SwiftProtectorExample/Info.plist;
				LD_RUNPATH_SEARCH_PATHS = "$(inherited) @executable_path/Frameworks";
				PRODUCT_BUNDLE_IDENTIFIER = com.brunorocha.SwiftProtectorExample;
				PRODUCT_NAME = "$(TARGET_NAME)";
				SWIFT_VERSION = 3.0;
			};
			name = Release;
		};
/* End XCBuildConfiguration section */

/* Begin XCConfigurationList section */
		FD0B10AA1E2F91FA00AED458 /* Build configuration list for PBXProject "SwiftProtectorExample" */ = {
			isa = XCConfigurationList;
			buildConfigurations = (
				FD0B10BF1E2F91FA00AED458 /* Debug */,
				FD0B10C01E2F91FA00AED458 /* Release */,
			);
			defaultConfigurationIsVisible = 0;
			defaultConfigurationName = Release;
		};
		FD0B10C11E2F91FA00AED458 /* Build configuration list for PBXNativeTarget "SwiftProtectorExample" */ = {
			isa = XCConfigurationList;
			buildConfigurations = (
				FD0B10C21E2F91FA00AED458 /* Debug */,
				FD0B10C31E2F91FA00AED458 /* Release */,
			);
			defaultConfigurationIsVisible = 0;
			defaultConfigurationName = Release;
		};
/* End XCConfigurationList section */
	};
	rootObject = FD0B10A71E2F91FA00AED458 /* Project object */;
}
