// !$*UTF8*$!
{
	archiveVersion = 1;
	classes = {
	};
	objectVersion = 46;
	objects = {

/* Begin PBXBuildFile section */
		FD2E99F61E4BDD4D00648610 /* InterpolatedStringZone.swift in Sources */ = {isa = PBXBuildFile; fileRef = FD2E99F51E4BDD4D00648610 /* InterpolatedStringZone.swift */; };
		FD69AAE81E32231A00A58201 /* ProtectedClassHash.swift in Sources */ = {isa = PBXBuildFile; fileRef = FD69AAE71E32231A00A58201 /* ProtectedClassHash.swift */; };
		FD895AD01E3113FA00A753FB /* File.swift in Sources */ = {isa = PBXBuildFile; fileRef = FD895ACF1E3113FA00A753FB /* File.swift */; };
		FD895AD31E31140C00A753FB /* Storyboard.swift in Sources */ = {isa = PBXBuildFile; fileRef = FD895AD11E31140C00A753FB /* Storyboard.swift */; };
		FD895AD41E31140C00A753FB /* SwiftFileScanData.swift in Sources */ = {isa = PBXBuildFile; fileRef = FD895AD21E31140C00A753FB /* SwiftFileScanData.swift */; };
		FD895AD61E31141100A753FB /* Logger.swift in Sources */ = {isa = PBXBuildFile; fileRef = FD895AD51E31141100A753FB /* Logger.swift */; };
		FD895AD81E31141500A753FB /* main.swift in Sources */ = {isa = PBXBuildFile; fileRef = FD895AD71E31141500A753FB /* main.swift */; };
		FD895ADE1E31142400A753FB /* Array.swift in Sources */ = {isa = PBXBuildFile; fileRef = FD895AD91E31142400A753FB /* Array.swift */; };
		FD895ADF1E31142400A753FB /* ForbiddenZone.swift in Sources */ = {isa = PBXBuildFile; fileRef = FD895ADA1E31142400A753FB /* ForbiddenZone.swift */; };
		FD895AE01E31142400A753FB /* Protector.swift in Sources */ = {isa = PBXBuildFile; fileRef = FD895ADB1E31142400A753FB /* Protector.swift */; };
		FD895AE11E31142400A753FB /* String.swift in Sources */ = {isa = PBXBuildFile; fileRef = FD895ADC1E31142400A753FB /* String.swift */; };
		FD895AE21E31142400A753FB /* FileFinder.swift in Sources */ = {isa = PBXBuildFile; fileRef = FD895ADD1E31142400A753FB /* FileFinder.swift */; };
/* End PBXBuildFile section */

/* Begin PBXCopyFilesBuildPhase section */
		FD0B10921E2F8ACD00AED458 /* CopyFiles */ = {
			isa = PBXCopyFilesBuildPhase;
			buildActionMask = 2147483647;
			dstPath = /usr/share/man/man1/;
			dstSubfolderSpec = 0;
			files = (
			);
			runOnlyForDeploymentPostprocessing = 1;
		};
/* End PBXCopyFilesBuildPhase section */

/* Begin PBXFileReference section */
		FD0B10941E2F8ACD00AED458 /* swiftshield */ = {isa = PBXFileReference; explicitFileType = "compiled.mach-o.executable"; includeInIndex = 0; path = swiftshield; sourceTree = BUILT_PRODUCTS_DIR; };
		FD2E99F51E4BDD4D00648610 /* InterpolatedStringZone.swift */ = {isa = PBXFileReference; fileEncoding = 4; lastKnownFileType = sourcecode.swift; name = InterpolatedStringZone.swift; path = "swiftshield-Sources/InterpolatedStringZone.swift"; sourceTree = SOURCE_ROOT; };
		FD69AAE71E32231A00A58201 /* ProtectedClassHash.swift */ = {isa = PBXFileReference; fileEncoding = 4; lastKnownFileType = sourcecode.swift; name = ProtectedClassHash.swift; path = "swiftshield-Sources/ProtectedClassHash.swift"; sourceTree = SOURCE_ROOT; };
		FD895ACF1E3113FA00A753FB /* File.swift */ = {isa = PBXFileReference; fileEncoding = 4; lastKnownFileType = sourcecode.swift; name = File.swift; path = "swiftshield-Sources/File.swift"; sourceTree = SOURCE_ROOT; };
		FD895AD11E31140C00A753FB /* Storyboard.swift */ = {isa = PBXFileReference; fileEncoding = 4; lastKnownFileType = sourcecode.swift; name = Storyboard.swift; path = "swiftshield-Sources/Storyboard.swift"; sourceTree = SOURCE_ROOT; };
		FD895AD21E31140C00A753FB /* SwiftFileScanData.swift */ = {isa = PBXFileReference; fileEncoding = 4; lastKnownFileType = sourcecode.swift; name = SwiftFileScanData.swift; path = "swiftshield-Sources/SwiftFileScanData.swift"; sourceTree = SOURCE_ROOT; };
		FD895AD51E31141100A753FB /* Logger.swift */ = {isa = PBXFileReference; fileEncoding = 4; lastKnownFileType = sourcecode.swift; name = Logger.swift; path = "swiftshield-Sources/Logger.swift"; sourceTree = SOURCE_ROOT; };
		FD895AD71E31141500A753FB /* main.swift */ = {isa = PBXFileReference; fileEncoding = 4; lastKnownFileType = sourcecode.swift; name = main.swift; path = "swiftshield-Sources/main.swift"; sourceTree = SOURCE_ROOT; };
		FD895AD91E31142400A753FB /* Array.swift */ = {isa = PBXFileReference; fileEncoding = 4; lastKnownFileType = sourcecode.swift; name = Array.swift; path = "swiftshield-Sources/Array.swift"; sourceTree = SOURCE_ROOT; };
		FD895ADA1E31142400A753FB /* ForbiddenZone.swift */ = {isa = PBXFileReference; fileEncoding = 4; lastKnownFileType = sourcecode.swift; name = ForbiddenZone.swift; path = "swiftshield-Sources/ForbiddenZone.swift"; sourceTree = SOURCE_ROOT; };
		FD895ADB1E31142400A753FB /* Protector.swift */ = {isa = PBXFileReference; fileEncoding = 4; lastKnownFileType = sourcecode.swift; name = Protector.swift; path = "swiftshield-Sources/Protector.swift"; sourceTree = SOURCE_ROOT; };
		FD895ADC1E31142400A753FB /* String.swift */ = {isa = PBXFileReference; fileEncoding = 4; lastKnownFileType = sourcecode.swift; name = String.swift; path = "swiftshield-Sources/String.swift"; sourceTree = SOURCE_ROOT; };
		FD895ADD1E31142400A753FB /* FileFinder.swift */ = {isa = PBXFileReference; fileEncoding = 4; lastKnownFileType = sourcecode.swift; name = FileFinder.swift; path = "swiftshield-Sources/FileFinder.swift"; sourceTree = SOURCE_ROOT; };
/* End PBXFileReference section */

/* Begin PBXFrameworksBuildPhase section */
		FD0B10911E2F8ACD00AED458 /* Frameworks */ = {
			isa = PBXFrameworksBuildPhase;
			buildActionMask = 2147483647;
			files = (
			);
			runOnlyForDeploymentPostprocessing = 0;
		};
/* End PBXFrameworksBuildPhase section */

/* Begin PBXGroup section */
		FD0B108B1E2F8ACD00AED458 = {
			isa = PBXGroup;
			children = (
				FD0B10961E2F8ACD00AED458 /* swiftshield */,
				FD0B10951E2F8ACD00AED458 /* Products */,
			);
			sourceTree = "<group>";
		};
		FD0B10951E2F8ACD00AED458 /* Products */ = {
			isa = PBXGroup;
			children = (
				FD0B10941E2F8ACD00AED458 /* swiftshield */,
			);
			name = Products;
			sourceTree = "<group>";
		};
		FD0B10961E2F8ACD00AED458 /* swiftshield */ = {
			isa = PBXGroup;
			children = (
				FD53F6EF1E302E5D00E94CDA /* Model */,
				FD895AD71E31141500A753FB /* main.swift */,
			);
			name = swiftshield;
			path = swiftprotector;
			sourceTree = "<group>";
		};
		FD0B109E1E2F8C0500AED458 /* Protector */ = {
			isa = PBXGroup;
			children = (
				FD895AD91E31142400A753FB /* Array.swift */,
				FD895ADA1E31142400A753FB /* ForbiddenZone.swift */,
				FD895ADB1E31142400A753FB /* Protector.swift */,
				FD69AAE71E32231A00A58201 /* ProtectedClassHash.swift */,
				FD895ADC1E31142400A753FB /* String.swift */,
				FD895ADD1E31142400A753FB /* FileFinder.swift */,
			);
			name = Protector;
			sourceTree = "<group>";
		};
		FD53F6EF1E302E5D00E94CDA /* Model */ = {
			isa = PBXGroup;
			children = (
				FD53F6F21E303BF300E94CDA /* File */,
				FD0B109E1E2F8C0500AED458 /* Protector */,
				FD895AD51E31141100A753FB /* Logger.swift */,
			);
			name = Model;
			sourceTree = "<group>";
		};
		FD53F6F21E303BF300E94CDA /* File */ = {
			isa = PBXGroup;
			children = (
				FD895ACF1E3113FA00A753FB /* File.swift */,
				FD895AD11E31140C00A753FB /* Storyboard.swift */,
				FD895AD21E31140C00A753FB /* SwiftFileScanData.swift */,
				FD2E99F51E4BDD4D00648610 /* InterpolatedStringZone.swift */,
			);
			name = File;
			sourceTree = "<group>";
		};
/* End PBXGroup section */

/* Begin PBXNativeTarget section */
		FD0B10931E2F8ACD00AED458 /* swiftshield */ = {
			isa = PBXNativeTarget;
			buildConfigurationList = FD0B109B1E2F8ACD00AED458 /* Build configuration list for PBXNativeTarget "swiftshield" */;
			buildPhases = (
				FD0B10901E2F8ACD00AED458 /* Sources */,
				FD0B10911E2F8ACD00AED458 /* Frameworks */,
				FD0B10921E2F8ACD00AED458 /* CopyFiles */,
			);
			buildRules = (
			);
			dependencies = (
			);
			name = swiftshield;
			productName = swiftprotector;
			productReference = FD0B10941E2F8ACD00AED458 /* swiftshield */;
			productType = "com.apple.product-type.tool";
		};
/* End PBXNativeTarget section */

/* Begin PBXProject section */
		FD0B108C1E2F8ACD00AED458 /* Project object */ = {
			isa = PBXProject;
			attributes = {
				LastSwiftUpdateCheck = 0810;
				LastUpgradeCheck = 0810;
				ORGANIZATIONNAME = "Bruno Rocha";
				TargetAttributes = {
					FD0B10931E2F8ACD00AED458 = {
						CreatedOnToolsVersion = 8.1;
						DevelopmentTeam = WZ2UP2QF9G;
						ProvisioningStyle = Automatic;
					};
				};
			};
			buildConfigurationList = FD0B108F1E2F8ACD00AED458 /* Build configuration list for PBXProject "swiftshield" */;
			compatibilityVersion = "Xcode 3.2";
			developmentRegion = English;
			hasScannedForEncodings = 0;
			knownRegions = (
				en,
			);
			mainGroup = FD0B108B1E2F8ACD00AED458;
			productRefGroup = FD0B10951E2F8ACD00AED458 /* Products */;
			projectDirPath = "";
			projectRoot = "";
			targets = (
				FD0B10931E2F8ACD00AED458 /* swiftshield */,
			);
		};
/* End PBXProject section */

/* Begin PBXSourcesBuildPhase section */
		FD0B10901E2F8ACD00AED458 /* Sources */ = {
			isa = PBXSourcesBuildPhase;
			buildActionMask = 2147483647;
			files = (
				FD895AE11E31142400A753FB /* String.swift in Sources */,
				FD895AD41E31140C00A753FB /* SwiftFileScanData.swift in Sources */,
				FD895ADE1E31142400A753FB /* Array.swift in Sources */,
				FD2E99F61E4BDD4D00648610 /* InterpolatedStringZone.swift in Sources */,
				FD69AAE81E32231A00A58201 /* ProtectedClassHash.swift in Sources */,
				FD895AD31E31140C00A753FB /* Storyboard.swift in Sources */,
				FD895AE21E31142400A753FB /* FileFinder.swift in Sources */,
				FD895AE01E31142400A753FB /* Protector.swift in Sources */,
				FD895ADF1E31142400A753FB /* ForbiddenZone.swift in Sources */,
				FD895AD81E31141500A753FB /* main.swift in Sources */,
				FD895AD61E31141100A753FB /* Logger.swift in Sources */,
				FD895AD01E3113FA00A753FB /* File.swift in Sources */,
			);
			runOnlyForDeploymentPostprocessing = 0;
		};
/* End PBXSourcesBuildPhase section */

/* Begin XCBuildConfiguration section */
		FD0B10991E2F8ACD00AED458 /* Debug */ = {
			isa = XCBuildConfiguration;
			buildSettings = {
				ALWAYS_SEARCH_USER_PATHS = NO;
				CLANG_ANALYZER_NONNULL = YES;
				CLANG_CXX_LANGUAGE_STANDARD = "gnu++0x";
				CLANG_CXX_LIBRARY = "libc++";
				CLANG_ENABLE_MODULES = YES;
				CLANG_ENABLE_OBJC_ARC = YES;
				CLANG_WARN_BOOL_CONVERSION = YES;
				CLANG_WARN_CONSTANT_CONVERSION = YES;
				CLANG_WARN_DIRECT_OBJC_ISA_USAGE = YES_ERROR;
				CLANG_WARN_DOCUMENTATION_COMMENTS = YES;
				CLANG_WARN_EMPTY_BODY = YES;
				CLANG_WARN_ENUM_CONVERSION = YES;
				CLANG_WARN_INFINITE_RECURSION = YES;
				CLANG_WARN_INT_CONVERSION = YES;
				CLANG_WARN_OBJC_ROOT_CLASS = YES_ERROR;
				CLANG_WARN_SUSPICIOUS_MOVES = YES;
				CLANG_WARN_UNREACHABLE_CODE = YES;
				CLANG_WARN__DUPLICATE_METHOD_MATCH = YES;
				CODE_SIGN_IDENTITY = "-";
				COPY_PHASE_STRIP = NO;
				DEBUG_INFORMATION_FORMAT = dwarf;
				ENABLE_STRICT_OBJC_MSGSEND = YES;
				ENABLE_TESTABILITY = YES;
				GCC_C_LANGUAGE_STANDARD = gnu99;
				GCC_DYNAMIC_NO_PIC = NO;
				GCC_NO_COMMON_BLOCKS = YES;
				GCC_OPTIMIZATION_LEVEL = 0;
				GCC_PREPROCESSOR_DEFINITIONS = (
					"DEBUG=1",
					"$(inherited)",
				);
				GCC_WARN_64_TO_32_BIT_CONVERSION = YES;
				GCC_WARN_ABOUT_RETURN_TYPE = YES_ERROR;
				GCC_WARN_UNDECLARED_SELECTOR = YES;
				GCC_WARN_UNINITIALIZED_AUTOS = YES_AGGRESSIVE;
				GCC_WARN_UNUSED_FUNCTION = YES;
				GCC_WARN_UNUSED_VARIABLE = YES;
				MACOSX_DEPLOYMENT_TARGET = 10.12;
				MTL_ENABLE_DEBUG_INFO = YES;
				ONLY_ACTIVE_ARCH = YES;
				SDKROOT = macosx;
				SWIFT_OPTIMIZATION_LEVEL = "-Onone";
			};
			name = Debug;
		};
		FD0B109A1E2F8ACD00AED458 /* Release */ = {
			isa = XCBuildConfiguration;
			buildSettings = {
				ALWAYS_SEARCH_USER_PATHS = NO;
				CLANG_ANALYZER_NONNULL = YES;
				CLANG_CXX_LANGUAGE_STANDARD = "gnu++0x";
				CLANG_CXX_LIBRARY = "libc++";
				CLANG_ENABLE_MODULES = YES;
				CLANG_ENABLE_OBJC_ARC = YES;
				CLANG_WARN_BOOL_CONVERSION = YES;
				CLANG_WARN_CONSTANT_CONVERSION = YES;
				CLANG_WARN_DIRECT_OBJC_ISA_USAGE = YES_ERROR;
				CLANG_WARN_DOCUMENTATION_COMMENTS = YES;
				CLANG_WARN_EMPTY_BODY = YES;
				CLANG_WARN_ENUM_CONVERSION = YES;
				CLANG_WARN_INFINITE_RECURSION = YES;
				CLANG_WARN_INT_CONVERSION = YES;
				CLANG_WARN_OBJC_ROOT_CLASS = YES_ERROR;
				CLANG_WARN_SUSPICIOUS_MOVES = YES;
				CLANG_WARN_UNREACHABLE_CODE = YES;
				CLANG_WARN__DUPLICATE_METHOD_MATCH = YES;
				CODE_SIGN_IDENTITY = "-";
				COPY_PHASE_STRIP = NO;
				DEBUG_INFORMATION_FORMAT = "dwarf-with-dsym";
				ENABLE_NS_ASSERTIONS = NO;
				ENABLE_STRICT_OBJC_MSGSEND = YES;
				GCC_C_LANGUAGE_STANDARD = gnu99;
				GCC_NO_COMMON_BLOCKS = YES;
				GCC_WARN_64_TO_32_BIT_CONVERSION = YES;
				GCC_WARN_ABOUT_RETURN_TYPE = YES_ERROR;
				GCC_WARN_UNDECLARED_SELECTOR = YES;
				GCC_WARN_UNINITIALIZED_AUTOS = YES_AGGRESSIVE;
				GCC_WARN_UNUSED_FUNCTION = YES;
				GCC_WARN_UNUSED_VARIABLE = YES;
				MACOSX_DEPLOYMENT_TARGET = 10.12;
				MTL_ENABLE_DEBUG_INFO = NO;
				SDKROOT = macosx;
			};
			name = Release;
		};
		FD0B109C1E2F8ACD00AED458 /* Debug */ = {
			isa = XCBuildConfiguration;
			buildSettings = {
				DEVELOPMENT_TEAM = WZ2UP2QF9G;
				PRODUCT_NAME = "$(TARGET_NAME)";
				SWIFT_VERSION = 3.0;
			};
			name = Debug;
		};
		FD0B109D1E2F8ACD00AED458 /* Release */ = {
			isa = XCBuildConfiguration;
			buildSettings = {
				DEVELOPMENT_TEAM = WZ2UP2QF9G;
				PRODUCT_NAME = "$(TARGET_NAME)";
				SWIFT_VERSION = 3.0;
			};
			name = Release;
		};
/* End XCBuildConfiguration section */

/* Begin XCConfigurationList section */
		FD0B108F1E2F8ACD00AED458 /* Build configuration list for PBXProject "swiftshield" */ = {
			isa = XCConfigurationList;
			buildConfigurations = (
				FD0B10991E2F8ACD00AED458 /* Debug */,
				FD0B109A1E2F8ACD00AED458 /* Release */,
			);
			defaultConfigurationIsVisible = 0;
			defaultConfigurationName = Release;
		};
		FD0B109B1E2F8ACD00AED458 /* Build configuration list for PBXNativeTarget "swiftshield" */ = {
			isa = XCConfigurationList;
			buildConfigurations = (
				FD0B109C1E2F8ACD00AED458 /* Debug */,
				FD0B109D1E2F8ACD00AED458 /* Release */,
			);
			defaultConfigurationIsVisible = 0;
			defaultConfigurationName = Release;
		};
/* End XCConfigurationList section */
	};
	rootObject = FD0B108C1E2F8ACD00AED458 /* Project object */;
}
