// !$*UTF8*$!
{
	archiveVersion = 1;
	classes = {
	};
	objectVersion = 46;
	objects = {

/* Begin PBXBuildFile section */
		FD1BED9821302E3800105411 /* StoryboardObfuscationTests.swift in Sources */ = {isa = PBXBuildFile; fileRef = FD1BED9721302E3800105411 /* StoryboardObfuscationTests.swift */; };
		FD1BED9A21302EA200105411 /* MockStoryboard.txt in Resources */ = {isa = PBXBuildFile; fileRef = FD1BED9921302EA200105411 /* MockStoryboard.txt */; };
		FD1BEDA0213034E100105411 /* Options.swift in Sources */ = {isa = PBXBuildFile; fileRef = FD1BED9B213034E100105411 /* Options.swift */; };
		FD1BEDA1213034E100105411 /* Options.swift in Sources */ = {isa = PBXBuildFile; fileRef = FD1BED9B213034E100105411 /* Options.swift */; };
		FD1BEDA2213034E100105411 /* Parser.swift in Sources */ = {isa = PBXBuildFile; fileRef = FD1BED9C213034E100105411 /* Parser.swift */; };
		FD1BEDA3213034E100105411 /* Parser.swift in Sources */ = {isa = PBXBuildFile; fileRef = FD1BED9C213034E100105411 /* Parser.swift */; };
		FD1BEDA4213034E100105411 /* Element.swift in Sources */ = {isa = PBXBuildFile; fileRef = FD1BED9D213034E100105411 /* Element.swift */; };
		FD1BEDA5213034E100105411 /* Element.swift in Sources */ = {isa = PBXBuildFile; fileRef = FD1BED9D213034E100105411 /* Element.swift */; };
		FD1BEDA6213034E100105411 /* Error.swift in Sources */ = {isa = PBXBuildFile; fileRef = FD1BED9E213034E100105411 /* Error.swift */; };
		FD1BEDA7213034E100105411 /* Error.swift in Sources */ = {isa = PBXBuildFile; fileRef = FD1BED9E213034E100105411 /* Error.swift */; };
		FD1BEDA8213034E100105411 /* Document.swift in Sources */ = {isa = PBXBuildFile; fileRef = FD1BED9F213034E100105411 /* Document.swift */; };
		FD1BEDA9213034E100105411 /* Document.swift in Sources */ = {isa = PBXBuildFile; fileRef = FD1BED9F213034E100105411 /* Document.swift */; };
		FD1BEDAB21303B7000105411 /* ExpectedMockStoryboard.txt in Resources */ = {isa = PBXBuildFile; fileRef = FD1BEDAA21303B7000105411 /* ExpectedMockStoryboard.txt */; };
		FD1BEDAE21303DCA00105411 /* ExpectedMockStoryboardIgnoringMainModule.txt in Resources */ = {isa = PBXBuildFile; fileRef = FD1BEDAD21303DCA00105411 /* ExpectedMockStoryboardIgnoringMainModule.txt */; };
		FD1BEDB22130491200105411 /* AutomaticSwiftShieldTests.swift in Sources */ = {isa = PBXBuildFile; fileRef = FD1BEDB12130491200105411 /* AutomaticSwiftShieldTests.swift */; };
		FD1BEDB421304E2B00105411 /* MockOriginalFile.txt in Resources */ = {isa = PBXBuildFile; fileRef = FD1BEDB321304E2A00105411 /* MockOriginalFile.txt */; };
		FD1BEDB62130506B00105411 /* MockObfuscatedFile.txt in Resources */ = {isa = PBXBuildFile; fileRef = FD1BEDB52130506A00105411 /* MockObfuscatedFile.txt */; };
		FD1BEDB821305E2000105411 /* MockXib.txt in Resources */ = {isa = PBXBuildFile; fileRef = FD1BEDB721305E2000105411 /* MockXib.txt */; };
		FD1BEDBA21305F8300105411 /* ExpectedMockXib.txt in Resources */ = {isa = PBXBuildFile; fileRef = FD1BEDB921305F8300105411 /* ExpectedMockXib.txt */; };
		FD1C89CB212C986600F05C4D /* TTY.swift in Sources */ = {isa = PBXBuildFile; fileRef = FD1C89CA212C986600F05C4D /* TTY.swift */; };
		FD1C89CD212C988100F05C4D /* SourceKit+Variant.swift in Sources */ = {isa = PBXBuildFile; fileRef = FD1C89CC212C988100F05C4D /* SourceKit+Variant.swift */; };
		FD1C89CF212C989B00F05C4D /* DynamicLink.swift in Sources */ = {isa = PBXBuildFile; fileRef = FD1C89CE212C989B00F05C4D /* DynamicLink.swift */; };
		FD1C89D1212C98B100F05C4D /* SKAPI.swift in Sources */ = {isa = PBXBuildFile; fileRef = FD1C89D0212C98B100F05C4D /* SKAPI.swift */; };
		FD39B34F1EAA9D83009BFCDF /* SourceKit.swift in Sources */ = {isa = PBXBuildFile; fileRef = FD39B34E1EAA9D83009BFCDF /* SourceKit.swift */; };
		FD39B3521EAA9D92009BFCDF /* ObfuscationData.swift in Sources */ = {isa = PBXBuildFile; fileRef = FD39B3501EAA9D92009BFCDF /* ObfuscationData.swift */; };
		FD39B3531EAA9D92009BFCDF /* ReferenceData.swift in Sources */ = {isa = PBXBuildFile; fileRef = FD39B3511EAA9D92009BFCDF /* ReferenceData.swift */; };
		FD39B3561EAA9D9B009BFCDF /* AutomaticSwiftShield.swift in Sources */ = {isa = PBXBuildFile; fileRef = FD39B3541EAA9D9B009BFCDF /* AutomaticSwiftShield.swift */; };
		FD39B3571EAA9D9B009BFCDF /* ManualSwiftShield.swift in Sources */ = {isa = PBXBuildFile; fileRef = FD39B3551EAA9D9B009BFCDF /* ManualSwiftShield.swift */; };
		FD4FB0531E5B1734009856B8 /* sourcekitd.framework in Frameworks */ = {isa = PBXBuildFile; fileRef = FD4FB0521E5B1734009856B8 /* sourcekitd.framework */; };
		FD4FB0571E5B2507009856B8 /* Module.swift in Sources */ = {isa = PBXBuildFile; fileRef = FD4FB0561E5B2507009856B8 /* Module.swift */; };
		FD5315D4212F872E001EA977 /* XcodeProjectBuilderTests.swift in Sources */ = {isa = PBXBuildFile; fileRef = FD5315D3212F872E001EA977 /* XcodeProjectBuilderTests.swift */; };
		FD5315DA212F8C4C001EA977 /* XcodeOutput.txt in Resources */ = {isa = PBXBuildFile; fileRef = FD5315D9212F8C4C001EA977 /* XcodeOutput.txt */; };
		FD5315EE212F8E68001EA977 /* SourceKit.swift in Sources */ = {isa = PBXBuildFile; fileRef = FD39B34E1EAA9D83009BFCDF /* SourceKit.swift */; };
		FD5315EF212F8E68001EA977 /* DynamicLink.swift in Sources */ = {isa = PBXBuildFile; fileRef = FD1C89CE212C989B00F05C4D /* DynamicLink.swift */; };
		FD5315F0212F8E68001EA977 /* SKAPI.swift in Sources */ = {isa = PBXBuildFile; fileRef = FD1C89D0212C98B100F05C4D /* SKAPI.swift */; };
		FD5315F1212F8E68001EA977 /* TTY.swift in Sources */ = {isa = PBXBuildFile; fileRef = FD1C89CA212C986600F05C4D /* TTY.swift */; };
		FD5315F2212F8E68001EA977 /* SourceKit+Variant.swift in Sources */ = {isa = PBXBuildFile; fileRef = FD1C89CC212C988100F05C4D /* SourceKit+Variant.swift */; };
		FD5315F3212F8E68001EA977 /* SourceKitDeclarationType.swift in Sources */ = {isa = PBXBuildFile; fileRef = FDC74E77212C49AC00B3E03B /* SourceKitDeclarationType.swift */; };
		FD5315F4212F8E68001EA977 /* String.swift in Sources */ = {isa = PBXBuildFile; fileRef = FD895ADC1E31142400A753FB /* String.swift */; };
		FD5315F5212F8E68001EA977 /* Logger.swift in Sources */ = {isa = PBXBuildFile; fileRef = FD895AD51E31141100A753FB /* Logger.swift */; };
		FD5315F6212F8E68001EA977 /* Exit.swift in Sources */ = {isa = PBXBuildFile; fileRef = FDFF64D01E5275A000300623 /* Exit.swift */; };
		FD5315F7212F8E68001EA977 /* File.swift in Sources */ = {isa = PBXBuildFile; fileRef = FD895ACF1E3113FA00A753FB /* File.swift */; };
		FD5315F8212F8E68001EA977 /* ObfuscationData.swift in Sources */ = {isa = PBXBuildFile; fileRef = FD39B3501EAA9D92009BFCDF /* ObfuscationData.swift */; };
		FD5315F9212F8E68001EA977 /* ReferenceData.swift in Sources */ = {isa = PBXBuildFile; fileRef = FD39B3511EAA9D92009BFCDF /* ReferenceData.swift */; };
		FD5315FA212F8E68001EA977 /* Module.swift in Sources */ = {isa = PBXBuildFile; fileRef = FD4FB0561E5B2507009856B8 /* Module.swift */; };
		FD5315FB212F8E68001EA977 /* Storyboard.swift in Sources */ = {isa = PBXBuildFile; fileRef = FD895AD11E31140C00A753FB /* Storyboard.swift */; };
		FD5315FC212F8E68001EA977 /* Array.swift in Sources */ = {isa = PBXBuildFile; fileRef = FD895AD91E31142400A753FB /* Array.swift */; };
		FD5315FD212F8E68001EA977 /* Protector.swift in Sources */ = {isa = PBXBuildFile; fileRef = FD895ADB1E31142400A753FB /* Protector.swift */; };
		FD5315FE212F8E68001EA977 /* AutomaticSwiftShield.swift in Sources */ = {isa = PBXBuildFile; fileRef = FD39B3541EAA9D9B009BFCDF /* AutomaticSwiftShield.swift */; };
		FD5315FF212F8E68001EA977 /* XcodeProjectBuilder.swift in Sources */ = {isa = PBXBuildFile; fileRef = FDB0785120E6BD7B00F744A9 /* XcodeProjectBuilder.swift */; };
		FD531600212F8E68001EA977 /* ManualSwiftShield.swift in Sources */ = {isa = PBXBuildFile; fileRef = FD39B3551EAA9D9B009BFCDF /* ManualSwiftShield.swift */; };
		FD531601212F8E77001EA977 /* sourcekitd.framework in Frameworks */ = {isa = PBXBuildFile; fileRef = FD4FB0521E5B1734009856B8 /* sourcekitd.framework */; };
		FD531602212F8F46001EA977 /* main.swift in Sources */ = {isa = PBXBuildFile; fileRef = FD895AD71E31141500A753FB /* main.swift */; };
		FD531604212F909F001EA977 /* DeclarationTypeTests.swift in Sources */ = {isa = PBXBuildFile; fileRef = FD531603212F909F001EA977 /* DeclarationTypeTests.swift */; };
		FD833C832156666400CDF875 /* Deobfuscator.swift in Sources */ = {isa = PBXBuildFile; fileRef = FD833C822156666400CDF875 /* Deobfuscator.swift */; };
		FD833C842156672C00CDF875 /* Deobfuscator.swift in Sources */ = {isa = PBXBuildFile; fileRef = FD833C822156666400CDF875 /* Deobfuscator.swift */; };
		FD833C87215669AD00CDF875 /* DeobfuscatorTests.swift in Sources */ = {isa = PBXBuildFile; fileRef = FD833C86215669AD00CDF875 /* DeobfuscatorTests.swift */; };
		FD895AD01E3113FA00A753FB /* File.swift in Sources */ = {isa = PBXBuildFile; fileRef = FD895ACF1E3113FA00A753FB /* File.swift */; };
		FD895AD31E31140C00A753FB /* Storyboard.swift in Sources */ = {isa = PBXBuildFile; fileRef = FD895AD11E31140C00A753FB /* Storyboard.swift */; };
		FD895AD61E31141100A753FB /* Logger.swift in Sources */ = {isa = PBXBuildFile; fileRef = FD895AD51E31141100A753FB /* Logger.swift */; };
		FD895AD81E31141500A753FB /* main.swift in Sources */ = {isa = PBXBuildFile; fileRef = FD895AD71E31141500A753FB /* main.swift */; };
		FD895ADE1E31142400A753FB /* Array.swift in Sources */ = {isa = PBXBuildFile; fileRef = FD895AD91E31142400A753FB /* Array.swift */; };
		FD895AE01E31142400A753FB /* Protector.swift in Sources */ = {isa = PBXBuildFile; fileRef = FD895ADB1E31142400A753FB /* Protector.swift */; };
		FD895AE11E31142400A753FB /* String.swift in Sources */ = {isa = PBXBuildFile; fileRef = FD895ADC1E31142400A753FB /* String.swift */; };
		FD9BE54E215675C400E25A25 /* NSTextCheckingResult.swift in Sources */ = {isa = PBXBuildFile; fileRef = FD9BE54D215675C400E25A25 /* NSTextCheckingResult.swift */; };
		FD9BE54F215676AB00E25A25 /* NSTextCheckingResult.swift in Sources */ = {isa = PBXBuildFile; fileRef = FD9BE54D215675C400E25A25 /* NSTextCheckingResult.swift */; };
		FDAA08EE21567C6C0061A52C /* MockFile.swift in Sources */ = {isa = PBXBuildFile; fileRef = FDAA08ED21567C6C0061A52C /* MockFile.swift */; };
		FDB0785220E6BD7B00F744A9 /* XcodeProjectBuilder.swift in Sources */ = {isa = PBXBuildFile; fileRef = FDB0785120E6BD7B00F744A9 /* XcodeProjectBuilder.swift */; };
		FDC74E78212C49AC00B3E03B /* SourceKitDeclarationType.swift in Sources */ = {isa = PBXBuildFile; fileRef = FDC74E77212C49AC00B3E03B /* SourceKitDeclarationType.swift */; };
		FDFF64D11E5275A000300623 /* Exit.swift in Sources */ = {isa = PBXBuildFile; fileRef = FDFF64D01E5275A000300623 /* Exit.swift */; };
/* End PBXBuildFile section */

/* Begin PBXFileReference section */
		FD0B10941E2F8ACD00AED458 /* swiftshield */ = {isa = PBXFileReference; explicitFileType = "compiled.mach-o.executable"; includeInIndex = 0; path = swiftshield; sourceTree = BUILT_PRODUCTS_DIR; };
		FD1BED9721302E3800105411 /* StoryboardObfuscationTests.swift */ = {isa = PBXFileReference; lastKnownFileType = sourcecode.swift; path = StoryboardObfuscationTests.swift; sourceTree = "<group>"; };
		FD1BED9921302EA200105411 /* MockStoryboard.txt */ = {isa = PBXFileReference; fileEncoding = 4; lastKnownFileType = text; path = MockStoryboard.txt; sourceTree = "<group>"; };
		FD1BED9B213034E100105411 /* Options.swift */ = {isa = PBXFileReference; fileEncoding = 4; lastKnownFileType = sourcecode.swift; path = Options.swift; sourceTree = "<group>"; };
		FD1BED9C213034E100105411 /* Parser.swift */ = {isa = PBXFileReference; fileEncoding = 4; lastKnownFileType = sourcecode.swift; path = Parser.swift; sourceTree = "<group>"; };
		FD1BED9D213034E100105411 /* Element.swift */ = {isa = PBXFileReference; fileEncoding = 4; lastKnownFileType = sourcecode.swift; path = Element.swift; sourceTree = "<group>"; };
		FD1BED9E213034E100105411 /* Error.swift */ = {isa = PBXFileReference; fileEncoding = 4; lastKnownFileType = sourcecode.swift; path = Error.swift; sourceTree = "<group>"; };
		FD1BED9F213034E100105411 /* Document.swift */ = {isa = PBXFileReference; fileEncoding = 4; lastKnownFileType = sourcecode.swift; path = Document.swift; sourceTree = "<group>"; };
		FD1BEDAA21303B7000105411 /* ExpectedMockStoryboard.txt */ = {isa = PBXFileReference; fileEncoding = 4; lastKnownFileType = text; path = ExpectedMockStoryboard.txt; sourceTree = "<group>"; };
		FD1BEDAD21303DCA00105411 /* ExpectedMockStoryboardIgnoringMainModule.txt */ = {isa = PBXFileReference; fileEncoding = 4; lastKnownFileType = text; path = ExpectedMockStoryboardIgnoringMainModule.txt; sourceTree = "<group>"; };
		FD1BEDB12130491200105411 /* AutomaticSwiftShieldTests.swift */ = {isa = PBXFileReference; lastKnownFileType = sourcecode.swift; path = AutomaticSwiftShieldTests.swift; sourceTree = "<group>"; };
		FD1BEDB321304E2A00105411 /* MockOriginalFile.txt */ = {isa = PBXFileReference; fileEncoding = 4; lastKnownFileType = text; path = MockOriginalFile.txt; sourceTree = "<group>"; };
		FD1BEDB52130506A00105411 /* MockObfuscatedFile.txt */ = {isa = PBXFileReference; fileEncoding = 4; lastKnownFileType = text; path = MockObfuscatedFile.txt; sourceTree = "<group>"; };
		FD1BEDB721305E2000105411 /* MockXib.txt */ = {isa = PBXFileReference; fileEncoding = 4; lastKnownFileType = text; path = MockXib.txt; sourceTree = "<group>"; };
		FD1BEDB921305F8300105411 /* ExpectedMockXib.txt */ = {isa = PBXFileReference; fileEncoding = 4; lastKnownFileType = text; path = ExpectedMockXib.txt; sourceTree = "<group>"; };
		FD1C89CA212C986600F05C4D /* TTY.swift */ = {isa = PBXFileReference; lastKnownFileType = sourcecode.swift; path = TTY.swift; sourceTree = "<group>"; };
		FD1C89CC212C988100F05C4D /* SourceKit+Variant.swift */ = {isa = PBXFileReference; lastKnownFileType = sourcecode.swift; path = "SourceKit+Variant.swift"; sourceTree = "<group>"; };
		FD1C89CE212C989B00F05C4D /* DynamicLink.swift */ = {isa = PBXFileReference; lastKnownFileType = sourcecode.swift; path = DynamicLink.swift; sourceTree = "<group>"; };
		FD1C89D0212C98B100F05C4D /* SKAPI.swift */ = {isa = PBXFileReference; lastKnownFileType = sourcecode.swift; path = SKAPI.swift; sourceTree = "<group>"; };
		FD39B34E1EAA9D83009BFCDF /* SourceKit.swift */ = {isa = PBXFileReference; fileEncoding = 4; lastKnownFileType = sourcecode.swift; name = SourceKit.swift; path = "swiftshield-Sources/SourceKit.swift"; sourceTree = SOURCE_ROOT; };
		FD39B3501EAA9D92009BFCDF /* ObfuscationData.swift */ = {isa = PBXFileReference; fileEncoding = 4; lastKnownFileType = sourcecode.swift; name = ObfuscationData.swift; path = "swiftshield-Sources/ObfuscationData.swift"; sourceTree = SOURCE_ROOT; };
		FD39B3511EAA9D92009BFCDF /* ReferenceData.swift */ = {isa = PBXFileReference; fileEncoding = 4; lastKnownFileType = sourcecode.swift; name = ReferenceData.swift; path = "swiftshield-Sources/ReferenceData.swift"; sourceTree = SOURCE_ROOT; };
		FD39B3541EAA9D9B009BFCDF /* AutomaticSwiftShield.swift */ = {isa = PBXFileReference; fileEncoding = 4; lastKnownFileType = sourcecode.swift; name = AutomaticSwiftShield.swift; path = "swiftshield-Sources/AutomaticSwiftShield.swift"; sourceTree = SOURCE_ROOT; };
		FD39B3551EAA9D9B009BFCDF /* ManualSwiftShield.swift */ = {isa = PBXFileReference; fileEncoding = 4; lastKnownFileType = sourcecode.swift; name = ManualSwiftShield.swift; path = "swiftshield-Sources/ManualSwiftShield.swift"; sourceTree = SOURCE_ROOT; };
		FD4FB0441E5B140E009856B8 /* sourcekitd.h */ = {isa = PBXFileReference; fileEncoding = 4; lastKnownFileType = sourcecode.c.h; name = sourcekitd.h; path = "swiftshield-Sources/sourcekitd.h"; sourceTree = SOURCE_ROOT; };
		FD4FB0471E5B1465009856B8 /* SwiftShield-Bridging-Header.h */ = {isa = PBXFileReference; fileEncoding = 4; lastKnownFileType = sourcecode.c.h; name = "SwiftShield-Bridging-Header.h"; path = "swiftshield-Sources/SwiftShield-Bridging-Header.h"; sourceTree = SOURCE_ROOT; };
		FD4FB0521E5B1734009856B8 /* sourcekitd.framework */ = {isa = PBXFileReference; lastKnownFileType = wrapper.framework; name = sourcekitd.framework; path = Toolchains/XcodeDefault.xctoolchain/usr/lib/sourcekitd.framework; sourceTree = DEVELOPER_DIR; };
		FD4FB0561E5B2507009856B8 /* Module.swift */ = {isa = PBXFileReference; fileEncoding = 4; lastKnownFileType = sourcecode.swift; name = Module.swift; path = "swiftshield-Sources/Module.swift"; sourceTree = SOURCE_ROOT; };
		FD5315D1212F872D001EA977 /* SwiftShieldTests.xctest */ = {isa = PBXFileReference; explicitFileType = wrapper.cfbundle; includeInIndex = 0; path = SwiftShieldTests.xctest; sourceTree = BUILT_PRODUCTS_DIR; };
		FD5315D3212F872E001EA977 /* XcodeProjectBuilderTests.swift */ = {isa = PBXFileReference; lastKnownFileType = sourcecode.swift; path = XcodeProjectBuilderTests.swift; sourceTree = "<group>"; };
		FD5315D5212F872E001EA977 /* Info.plist */ = {isa = PBXFileReference; lastKnownFileType = text.plist.xml; path = Info.plist; sourceTree = "<group>"; };
		FD5315D9212F8C4C001EA977 /* XcodeOutput.txt */ = {isa = PBXFileReference; fileEncoding = 4; lastKnownFileType = text; path = XcodeOutput.txt; sourceTree = "<group>"; };
		FD531603212F909F001EA977 /* DeclarationTypeTests.swift */ = {isa = PBXFileReference; lastKnownFileType = sourcecode.swift; path = DeclarationTypeTests.swift; sourceTree = "<group>"; };
		FD833C822156666400CDF875 /* Deobfuscator.swift */ = {isa = PBXFileReference; lastKnownFileType = sourcecode.swift; path = Deobfuscator.swift; sourceTree = "<group>"; };
		FD833C86215669AD00CDF875 /* DeobfuscatorTests.swift */ = {isa = PBXFileReference; lastKnownFileType = sourcecode.swift; path = DeobfuscatorTests.swift; sourceTree = "<group>"; };
		FD895ACF1E3113FA00A753FB /* File.swift */ = {isa = PBXFileReference; fileEncoding = 4; lastKnownFileType = sourcecode.swift; name = File.swift; path = "swiftshield-Sources/File.swift"; sourceTree = SOURCE_ROOT; };
		FD895AD11E31140C00A753FB /* Storyboard.swift */ = {isa = PBXFileReference; fileEncoding = 4; lastKnownFileType = sourcecode.swift; name = Storyboard.swift; path = "swiftshield-Sources/Storyboard.swift"; sourceTree = SOURCE_ROOT; };
		FD895AD51E31141100A753FB /* Logger.swift */ = {isa = PBXFileReference; fileEncoding = 4; lastKnownFileType = sourcecode.swift; name = Logger.swift; path = "swiftshield-Sources/Logger.swift"; sourceTree = SOURCE_ROOT; };
		FD895AD71E31141500A753FB /* main.swift */ = {isa = PBXFileReference; fileEncoding = 4; lastKnownFileType = sourcecode.swift; name = main.swift; path = "swiftshield-Sources/main.swift"; sourceTree = SOURCE_ROOT; };
		FD895AD91E31142400A753FB /* Array.swift */ = {isa = PBXFileReference; fileEncoding = 4; lastKnownFileType = sourcecode.swift; name = Array.swift; path = "swiftshield-Sources/Array.swift"; sourceTree = SOURCE_ROOT; };
		FD895ADB1E31142400A753FB /* Protector.swift */ = {isa = PBXFileReference; fileEncoding = 4; lastKnownFileType = sourcecode.swift; name = Protector.swift; path = "swiftshield-Sources/Protector.swift"; sourceTree = SOURCE_ROOT; };
		FD895ADC1E31142400A753FB /* String.swift */ = {isa = PBXFileReference; fileEncoding = 4; lastKnownFileType = sourcecode.swift; name = String.swift; path = "swiftshield-Sources/String.swift"; sourceTree = SOURCE_ROOT; };
		FD9BE54D215675C400E25A25 /* NSTextCheckingResult.swift */ = {isa = PBXFileReference; lastKnownFileType = sourcecode.swift; path = NSTextCheckingResult.swift; sourceTree = "<group>"; };
		FDAA08ED21567C6C0061A52C /* MockFile.swift */ = {isa = PBXFileReference; lastKnownFileType = sourcecode.swift; path = MockFile.swift; sourceTree = "<group>"; };
		FDB0785120E6BD7B00F744A9 /* XcodeProjectBuilder.swift */ = {isa = PBXFileReference; lastKnownFileType = sourcecode.swift; path = XcodeProjectBuilder.swift; sourceTree = "<group>"; };
		FDC74E77212C49AC00B3E03B /* SourceKitDeclarationType.swift */ = {isa = PBXFileReference; lastKnownFileType = sourcecode.swift; path = SourceKitDeclarationType.swift; sourceTree = "<group>"; };
		FDFF64D01E5275A000300623 /* Exit.swift */ = {isa = PBXFileReference; fileEncoding = 4; lastKnownFileType = sourcecode.swift; name = Exit.swift; path = "swiftshield-Sources/Exit.swift"; sourceTree = SOURCE_ROOT; };
/* End PBXFileReference section */

/* Begin PBXFrameworksBuildPhase section */
		FD0B10911E2F8ACD00AED458 /* Frameworks */ = {
			isa = PBXFrameworksBuildPhase;
			buildActionMask = 2147483647;
			files = (
				FD4FB0531E5B1734009856B8 /* sourcekitd.framework in Frameworks */,
			);
			runOnlyForDeploymentPostprocessing = 0;
		};
		FD5315CE212F872D001EA977 /* Frameworks */ = {
			isa = PBXFrameworksBuildPhase;
			buildActionMask = 2147483647;
			files = (
				FD531601212F8E77001EA977 /* sourcekitd.framework in Frameworks */,
			);
			runOnlyForDeploymentPostprocessing = 0;
		};
/* End PBXFrameworksBuildPhase section */

/* Begin PBXGroup section */
		FD0B108B1E2F8ACD00AED458 = {
			isa = PBXGroup;
			children = (
				FD0B10961E2F8ACD00AED458 /* swiftshield-Sources */,
				FD5315D2212F872D001EA977 /* SwiftShieldTests */,
				FD0B10951E2F8ACD00AED458 /* Products */,
				FDD0B6161E5B097E00715DDF /* Frameworks */,
			);
			sourceTree = "<group>";
		};
		FD0B10951E2F8ACD00AED458 /* Products */ = {
			isa = PBXGroup;
			children = (
				FD0B10941E2F8ACD00AED458 /* swiftshield */,
				FD5315D1212F872D001EA977 /* SwiftShieldTests.xctest */,
			);
			name = Products;
			sourceTree = "<group>";
		};
		FD0B10961E2F8ACD00AED458 /* swiftshield-Sources */ = {
			isa = PBXGroup;
			children = (
				FD4FB0491E5B146E009856B8 /* Resources */,
				FD34D4EC1EA93A800002A273 /* Extensions */,
				FDFF64CD1E52745900300623 /* Helpers */,
				FD53F6EF1E302E5D00E94CDA /* Model */,
				FD895AD71E31141500A753FB /* main.swift */,
			);
			path = "swiftshield-Sources";
			sourceTree = "<group>";
		};
		FD0B109E1E2F8C0500AED458 /* Protector */ = {
			isa = PBXGroup;
			children = (
				FD895AD91E31142400A753FB /* Array.swift */,
				FD895ADB1E31142400A753FB /* Protector.swift */,
			);
			name = Protector;
			sourceTree = "<group>";
		};
		FD1BED8D21302D6800105411 /* AEXML */ = {
			isa = PBXGroup;
			children = (
				FD1BED9F213034E100105411 /* Document.swift */,
				FD1BED9D213034E100105411 /* Element.swift */,
				FD1BED9E213034E100105411 /* Error.swift */,
				FD1BED9B213034E100105411 /* Options.swift */,
				FD1BED9C213034E100105411 /* Parser.swift */,
			);
			name = AEXML;
			sourceTree = "<group>";
		};
		FD1BEDAC21303DB100105411 /* StoryboardTests */ = {
			isa = PBXGroup;
			children = (
				FD1BED9721302E3800105411 /* StoryboardObfuscationTests.swift */,
				FD1BEDB721305E2000105411 /* MockXib.txt */,
				FD1BEDB921305F8300105411 /* ExpectedMockXib.txt */,
				FD1BED9921302EA200105411 /* MockStoryboard.txt */,
				FD1BEDAA21303B7000105411 /* ExpectedMockStoryboard.txt */,
				FD1BEDAD21303DCA00105411 /* ExpectedMockStoryboardIgnoringMainModule.txt */,
			);
			path = StoryboardTests;
			sourceTree = "<group>";
		};
		FD1BEDAF2130403900105411 /* ProjectBuilderTests */ = {
			isa = PBXGroup;
			children = (
				FD5315D3212F872E001EA977 /* XcodeProjectBuilderTests.swift */,
				FD5315D9212F8C4C001EA977 /* XcodeOutput.txt */,
			);
			path = ProjectBuilderTests;
			sourceTree = "<group>";
		};
		FD1BEDB0213048FD00105411 /* AutomaticSwiftShieldTests */ = {
			isa = PBXGroup;
			children = (
				FD1BEDB12130491200105411 /* AutomaticSwiftShieldTests.swift */,
				FD1BEDB321304E2A00105411 /* MockOriginalFile.txt */,
				FD1BEDB52130506A00105411 /* MockObfuscatedFile.txt */,
			);
			path = AutomaticSwiftShieldTests;
			sourceTree = "<group>";
		};
		FD34D4E41EA933C60002A273 /* Modes */ = {
			isa = PBXGroup;
			children = (
				FD39B3541EAA9D9B009BFCDF /* AutomaticSwiftShield.swift */,
				FDB0785120E6BD7B00F744A9 /* XcodeProjectBuilder.swift */,
				FD39B3551EAA9D9B009BFCDF /* ManualSwiftShield.swift */,
			);
			name = Modes;
			sourceTree = "<group>";
		};
		FD34D4EC1EA93A800002A273 /* Extensions */ = {
			isa = PBXGroup;
			children = (
				FD895ADC1E31142400A753FB /* String.swift */,
				FD9BE54D215675C400E25A25 /* NSTextCheckingResult.swift */,
			);
			name = Extensions;
			sourceTree = "<group>";
		};
		FD4FB0491E5B146E009856B8 /* Resources */ = {
			isa = PBXGroup;
			children = (
				FD39B34E1EAA9D83009BFCDF /* SourceKit.swift */,
				FD1C89CE212C989B00F05C4D /* DynamicLink.swift */,
				FD1C89D0212C98B100F05C4D /* SKAPI.swift */,
				FD1C89CA212C986600F05C4D /* TTY.swift */,
				FD1C89CC212C988100F05C4D /* SourceKit+Variant.swift */,
				FDC74E77212C49AC00B3E03B /* SourceKitDeclarationType.swift */,
				FD4FB0471E5B1465009856B8 /* SwiftShield-Bridging-Header.h */,
				FD4FB0441E5B140E009856B8 /* sourcekitd.h */,
				FD4FB0521E5B1734009856B8 /* sourcekitd.framework */,
			);
			name = Resources;
			sourceTree = "<group>";
		};
		FD5315D2212F872D001EA977 /* SwiftShieldTests */ = {
			isa = PBXGroup;
			children = (
				FD833C85215669A100CDF875 /* DeobfuscatorTests */,
				FD1BEDB0213048FD00105411 /* AutomaticSwiftShieldTests */,
				FD1BEDAF2130403900105411 /* ProjectBuilderTests */,
				FD1BEDAC21303DB100105411 /* StoryboardTests */,
				FD531603212F909F001EA977 /* DeclarationTypeTests.swift */,
				FD5315D5212F872E001EA977 /* Info.plist */,
			);
			path = SwiftShieldTests;
			sourceTree = "<group>";
		};
		FD53F6EF1E302E5D00E94CDA /* Model */ = {
			isa = PBXGroup;
			children = (
				FD833C812156664C00CDF875 /* Deobfuscator */,
				FD53F6F21E303BF300E94CDA /* File */,
				FD0B109E1E2F8C0500AED458 /* Protector */,
				FD34D4E41EA933C60002A273 /* Modes */,
			);
			name = Model;
			sourceTree = "<group>";
		};
		FD53F6F21E303BF300E94CDA /* File */ = {
			isa = PBXGroup;
			children = (
				FD895ACF1E3113FA00A753FB /* File.swift */,
				FD39B3501EAA9D92009BFCDF /* ObfuscationData.swift */,
				FD39B3511EAA9D92009BFCDF /* ReferenceData.swift */,
				FD4FB0561E5B2507009856B8 /* Module.swift */,
				FD895AD11E31140C00A753FB /* Storyboard.swift */,
			);
			name = File;
			sourceTree = "<group>";
		};
		FD833C812156664C00CDF875 /* Deobfuscator */ = {
			isa = PBXGroup;
			children = (
				FD833C822156666400CDF875 /* Deobfuscator.swift */,
			);
			name = Deobfuscator;
			sourceTree = "<group>";
		};
		FD833C85215669A100CDF875 /* DeobfuscatorTests */ = {
			isa = PBXGroup;
			children = (
				FD833C86215669AD00CDF875 /* DeobfuscatorTests.swift */,
				FDAA08ED21567C6C0061A52C /* MockFile.swift */,
			);
			path = DeobfuscatorTests;
			sourceTree = "<group>";
		};
		FDD0B6161E5B097E00715DDF /* Frameworks */ = {
			isa = PBXGroup;
			children = (
			);
			name = Frameworks;
			sourceTree = "<group>";
		};
		FDFF64CD1E52745900300623 /* Helpers */ = {
			isa = PBXGroup;
			children = (
				FD1BED8D21302D6800105411 /* AEXML */,
				FD895AD51E31141100A753FB /* Logger.swift */,
				FDFF64D01E5275A000300623 /* Exit.swift */,
			);
			name = Helpers;
			sourceTree = "<group>";
		};
/* End PBXGroup section */

/* Begin PBXNativeTarget section */
		FD0B10931E2F8ACD00AED458 /* swiftshield */ = {
			isa = PBXNativeTarget;
			buildConfigurationList = FD0B109B1E2F8ACD00AED458 /* Build configuration list for PBXNativeTarget "swiftshield" */;
			buildPhases = (
				FD0B10901E2F8ACD00AED458 /* Sources */,
				FD0B10911E2F8ACD00AED458 /* Frameworks */,
			);
			buildRules = (
			);
			dependencies = (
			);
			name = swiftshield;
			productName = swiftprotector;
			productReference = FD0B10941E2F8ACD00AED458 /* swiftshield */;
			productType = "com.apple.product-type.tool";
		};
		FD5315D0212F872D001EA977 /* SwiftShieldTests */ = {
			isa = PBXNativeTarget;
			buildConfigurationList = FD5315D8212F872E001EA977 /* Build configuration list for PBXNativeTarget "SwiftShieldTests" */;
			buildPhases = (
				FD5315CD212F872D001EA977 /* Sources */,
				FD5315CE212F872D001EA977 /* Frameworks */,
				FD5315CF212F872D001EA977 /* Resources */,
			);
			buildRules = (
			);
			dependencies = (
			);
			name = SwiftShieldTests;
			productName = SwiftShieldTests;
			productReference = FD5315D1212F872D001EA977 /* SwiftShieldTests.xctest */;
			productType = "com.apple.product-type.bundle.unit-test";
		};
/* End PBXNativeTarget section */

/* Begin PBXProject section */
		FD0B108C1E2F8ACD00AED458 /* Project object */ = {
			isa = PBXProject;
			attributes = {
				LastSwiftUpdateCheck = 0940;
				LastUpgradeCheck = 1000;
				ORGANIZATIONNAME = "Bruno Rocha";
				TargetAttributes = {
					FD0B10931E2F8ACD00AED458 = {
						CreatedOnToolsVersion = 8.1;
						DevelopmentTeam = WZ2UP2QF9G;
						LastSwiftMigration = 1000;
						ProvisioningStyle = Automatic;
					};
					FD5315D0212F872D001EA977 = {
						CreatedOnToolsVersion = 9.4.1;
						ProvisioningStyle = Automatic;
					};
				};
			};
			buildConfigurationList = FD0B108F1E2F8ACD00AED458 /* Build configuration list for PBXProject "swiftshield" */;
			compatibilityVersion = "Xcode 3.2";
			developmentRegion = English;
			hasScannedForEncodings = 0;
			knownRegions = (
				en,
			);
			mainGroup = FD0B108B1E2F8ACD00AED458;
			productRefGroup = FD0B10951E2F8ACD00AED458 /* Products */;
			projectDirPath = "";
			projectRoot = "";
			targets = (
				FD0B10931E2F8ACD00AED458 /* swiftshield */,
				FD5315D0212F872D001EA977 /* SwiftShieldTests */,
			);
		};
/* End PBXProject section */

/* Begin PBXResourcesBuildPhase section */
		FD5315CF212F872D001EA977 /* Resources */ = {
			isa = PBXResourcesBuildPhase;
			buildActionMask = 2147483647;
			files = (
				FD1BEDBA21305F8300105411 /* ExpectedMockXib.txt in Resources */,
				FD1BEDAB21303B7000105411 /* ExpectedMockStoryboard.txt in Resources */,
				FD1BEDB821305E2000105411 /* MockXib.txt in Resources */,
				FD1BED9A21302EA200105411 /* MockStoryboard.txt in Resources */,
				FD1BEDAE21303DCA00105411 /* ExpectedMockStoryboardIgnoringMainModule.txt in Resources */,
				FD5315DA212F8C4C001EA977 /* XcodeOutput.txt in Resources */,
				FD1BEDB62130506B00105411 /* MockObfuscatedFile.txt in Resources */,
				FD1BEDB421304E2B00105411 /* MockOriginalFile.txt in Resources */,
			);
			runOnlyForDeploymentPostprocessing = 0;
		};
/* End PBXResourcesBuildPhase section */

/* Begin PBXSourcesBuildPhase section */
		FD0B10901E2F8ACD00AED458 /* Sources */ = {
			isa = PBXSourcesBuildPhase;
			buildActionMask = 2147483647;
			files = (
				FD895AE11E31142400A753FB /* String.swift in Sources */,
				FD1C89CF212C989B00F05C4D /* DynamicLink.swift in Sources */,
				FD895ADE1E31142400A753FB /* Array.swift in Sources */,
				FD1BEDA0213034E100105411 /* Options.swift in Sources */,
				FD895AD31E31140C00A753FB /* Storyboard.swift in Sources */,
				FD39B3561EAA9D9B009BFCDF /* AutomaticSwiftShield.swift in Sources */,
				FD1BEDA6213034E100105411 /* Error.swift in Sources */,
				FD39B3571EAA9D9B009BFCDF /* ManualSwiftShield.swift in Sources */,
				FD39B3531EAA9D92009BFCDF /* ReferenceData.swift in Sources */,
				FD895AE01E31142400A753FB /* Protector.swift in Sources */,
				FD895AD81E31141500A753FB /* main.swift in Sources */,
				FD1BEDA8213034E100105411 /* Document.swift in Sources */,
				FD833C832156666400CDF875 /* Deobfuscator.swift in Sources */,
				FD4FB0571E5B2507009856B8 /* Module.swift in Sources */,
				FD1C89D1212C98B100F05C4D /* SKAPI.swift in Sources */,
				FD1C89CB212C986600F05C4D /* TTY.swift in Sources */,
				FD1BEDA4213034E100105411 /* Element.swift in Sources */,
				FD39B3521EAA9D92009BFCDF /* ObfuscationData.swift in Sources */,
				FD1BEDA2213034E100105411 /* Parser.swift in Sources */,
				FDC74E78212C49AC00B3E03B /* SourceKitDeclarationType.swift in Sources */,
				FD9BE54E215675C400E25A25 /* NSTextCheckingResult.swift in Sources */,
				FD895AD61E31141100A753FB /* Logger.swift in Sources */,
				FD1C89CD212C988100F05C4D /* SourceKit+Variant.swift in Sources */,
				FD39B34F1EAA9D83009BFCDF /* SourceKit.swift in Sources */,
				FD895AD01E3113FA00A753FB /* File.swift in Sources */,
				FDB0785220E6BD7B00F744A9 /* XcodeProjectBuilder.swift in Sources */,
				FDFF64D11E5275A000300623 /* Exit.swift in Sources */,
			);
			runOnlyForDeploymentPostprocessing = 0;
		};
		FD5315CD212F872D001EA977 /* Sources */ = {
			isa = PBXSourcesBuildPhase;
			buildActionMask = 2147483647;
			files = (
				FD5315D4212F872E001EA977 /* XcodeProjectBuilderTests.swift in Sources */,
				FD5315FB212F8E68001EA977 /* Storyboard.swift in Sources */,
				FD5315F3212F8E68001EA977 /* SourceKitDeclarationType.swift in Sources */,
				FD1BEDA1213034E100105411 /* Options.swift in Sources */,
				FD1BED9821302E3800105411 /* StoryboardObfuscationTests.swift in Sources */,
				FD1BEDB22130491200105411 /* AutomaticSwiftShieldTests.swift in Sources */,
				FD5315F2212F8E68001EA977 /* SourceKit+Variant.swift in Sources */,
				FD5315EF212F8E68001EA977 /* DynamicLink.swift in Sources */,
				FD5315FC212F8E68001EA977 /* Array.swift in Sources */,
				FD5315F5212F8E68001EA977 /* Logger.swift in Sources */,
				FDAA08EE21567C6C0061A52C /* MockFile.swift in Sources */,
				FD5315F6212F8E68001EA977 /* Exit.swift in Sources */,
				FD531602212F8F46001EA977 /* main.swift in Sources */,
				FD833C842156672C00CDF875 /* Deobfuscator.swift in Sources */,
				FD5315F0212F8E68001EA977 /* SKAPI.swift in Sources */,
				FD5315F9212F8E68001EA977 /* ReferenceData.swift in Sources */,
				FD531600212F8E68001EA977 /* ManualSwiftShield.swift in Sources */,
				FD5315FE212F8E68001EA977 /* AutomaticSwiftShield.swift in Sources */,
				FD5315F8212F8E68001EA977 /* ObfuscationData.swift in Sources */,
				FD5315F1212F8E68001EA977 /* TTY.swift in Sources */,
				FD1BEDA5213034E100105411 /* Element.swift in Sources */,
				FD1BEDA3213034E100105411 /* Parser.swift in Sources */,
				FD5315F4212F8E68001EA977 /* String.swift in Sources */,
				FD9BE54F215676AB00E25A25 /* NSTextCheckingResult.swift in Sources */,
				FD1BEDA9213034E100105411 /* Document.swift in Sources */,
				FD5315FA212F8E68001EA977 /* Module.swift in Sources */,
				FD5315F7212F8E68001EA977 /* File.swift in Sources */,
				FD531604212F909F001EA977 /* DeclarationTypeTests.swift in Sources */,
				FD5315FD212F8E68001EA977 /* Protector.swift in Sources */,
				FD5315FF212F8E68001EA977 /* XcodeProjectBuilder.swift in Sources */,
				FD1BEDA7213034E100105411 /* Error.swift in Sources */,
				FD833C87215669AD00CDF875 /* DeobfuscatorTests.swift in Sources */,
				FD5315EE212F8E68001EA977 /* SourceKit.swift in Sources */,
			);
			runOnlyForDeploymentPostprocessing = 0;
		};
/* End PBXSourcesBuildPhase section */

/* Begin XCBuildConfiguration section */
		FD0B10991E2F8ACD00AED458 /* Debug */ = {
			isa = XCBuildConfiguration;
			buildSettings = {
				ALWAYS_SEARCH_USER_PATHS = NO;
				CLANG_ANALYZER_NONNULL = YES;
				CLANG_CXX_LANGUAGE_STANDARD = "gnu++0x";
				CLANG_CXX_LIBRARY = "libc++";
				CLANG_ENABLE_MODULES = YES;
				CLANG_ENABLE_OBJC_ARC = YES;
				CLANG_WARN_BLOCK_CAPTURE_AUTORELEASING = YES;
				CLANG_WARN_BOOL_CONVERSION = YES;
				CLANG_WARN_COMMA = YES;
				CLANG_WARN_CONSTANT_CONVERSION = YES;
				CLANG_WARN_DEPRECATED_OBJC_IMPLEMENTATIONS = YES;
				CLANG_WARN_DIRECT_OBJC_ISA_USAGE = YES_ERROR;
				CLANG_WARN_DOCUMENTATION_COMMENTS = YES;
				CLANG_WARN_EMPTY_BODY = YES;
				CLANG_WARN_ENUM_CONVERSION = YES;
				CLANG_WARN_INFINITE_RECURSION = YES;
				CLANG_WARN_INT_CONVERSION = YES;
				CLANG_WARN_NON_LITERAL_NULL_CONVERSION = YES;
				CLANG_WARN_OBJC_IMPLICIT_RETAIN_SELF = YES;
				CLANG_WARN_OBJC_LITERAL_CONVERSION = YES;
				CLANG_WARN_OBJC_ROOT_CLASS = YES_ERROR;
				CLANG_WARN_RANGE_LOOP_ANALYSIS = YES;
				CLANG_WARN_STRICT_PROTOTYPES = YES;
				CLANG_WARN_SUSPICIOUS_MOVE = YES;
				CLANG_WARN_SUSPICIOUS_MOVES = YES;
				CLANG_WARN_UNREACHABLE_CODE = YES;
				CLANG_WARN__DUPLICATE_METHOD_MATCH = YES;
				CODE_SIGN_IDENTITY = "-";
				COPY_PHASE_STRIP = NO;
				DEBUG_INFORMATION_FORMAT = dwarf;
				ENABLE_STRICT_OBJC_MSGSEND = YES;
				ENABLE_TESTABILITY = YES;
				GCC_C_LANGUAGE_STANDARD = gnu99;
				GCC_DYNAMIC_NO_PIC = NO;
				GCC_NO_COMMON_BLOCKS = YES;
				GCC_OPTIMIZATION_LEVEL = 0;
				GCC_PREPROCESSOR_DEFINITIONS = (
					"DEBUG=1",
					"$(inherited)",
				);
				GCC_WARN_64_TO_32_BIT_CONVERSION = YES;
				GCC_WARN_ABOUT_RETURN_TYPE = YES_ERROR;
				GCC_WARN_UNDECLARED_SELECTOR = YES;
				GCC_WARN_UNINITIALIZED_AUTOS = YES_AGGRESSIVE;
				GCC_WARN_UNUSED_FUNCTION = YES;
				GCC_WARN_UNUSED_VARIABLE = YES;
				MACOSX_DEPLOYMENT_TARGET = 10.12;
				MTL_ENABLE_DEBUG_INFO = YES;
				ONLY_ACTIVE_ARCH = YES;
				SDKROOT = macosx;
				SWIFT_OPTIMIZATION_LEVEL = "-Onone";
			};
			name = Debug;
		};
		FD0B109A1E2F8ACD00AED458 /* Release */ = {
			isa = XCBuildConfiguration;
			buildSettings = {
				ALWAYS_SEARCH_USER_PATHS = NO;
				CLANG_ANALYZER_NONNULL = YES;
				CLANG_CXX_LANGUAGE_STANDARD = "gnu++0x";
				CLANG_CXX_LIBRARY = "libc++";
				CLANG_ENABLE_MODULES = YES;
				CLANG_ENABLE_OBJC_ARC = YES;
				CLANG_WARN_BLOCK_CAPTURE_AUTORELEASING = YES;
				CLANG_WARN_BOOL_CONVERSION = YES;
				CLANG_WARN_COMMA = YES;
				CLANG_WARN_CONSTANT_CONVERSION = YES;
				CLANG_WARN_DEPRECATED_OBJC_IMPLEMENTATIONS = YES;
				CLANG_WARN_DIRECT_OBJC_ISA_USAGE = YES_ERROR;
				CLANG_WARN_DOCUMENTATION_COMMENTS = YES;
				CLANG_WARN_EMPTY_BODY = YES;
				CLANG_WARN_ENUM_CONVERSION = YES;
				CLANG_WARN_INFINITE_RECURSION = YES;
				CLANG_WARN_INT_CONVERSION = YES;
				CLANG_WARN_NON_LITERAL_NULL_CONVERSION = YES;
				CLANG_WARN_OBJC_IMPLICIT_RETAIN_SELF = YES;
				CLANG_WARN_OBJC_LITERAL_CONVERSION = YES;
				CLANG_WARN_OBJC_ROOT_CLASS = YES_ERROR;
				CLANG_WARN_RANGE_LOOP_ANALYSIS = YES;
				CLANG_WARN_STRICT_PROTOTYPES = YES;
				CLANG_WARN_SUSPICIOUS_MOVE = YES;
				CLANG_WARN_SUSPICIOUS_MOVES = YES;
				CLANG_WARN_UNREACHABLE_CODE = YES;
				CLANG_WARN__DUPLICATE_METHOD_MATCH = YES;
				CODE_SIGN_IDENTITY = "-";
				COPY_PHASE_STRIP = NO;
				DEBUG_INFORMATION_FORMAT = "dwarf-with-dsym";
				ENABLE_NS_ASSERTIONS = NO;
				ENABLE_STRICT_OBJC_MSGSEND = YES;
				GCC_C_LANGUAGE_STANDARD = gnu99;
				GCC_NO_COMMON_BLOCKS = YES;
				GCC_WARN_64_TO_32_BIT_CONVERSION = YES;
				GCC_WARN_ABOUT_RETURN_TYPE = YES_ERROR;
				GCC_WARN_UNDECLARED_SELECTOR = YES;
				GCC_WARN_UNINITIALIZED_AUTOS = YES_AGGRESSIVE;
				GCC_WARN_UNUSED_FUNCTION = YES;
				GCC_WARN_UNUSED_VARIABLE = YES;
				MACOSX_DEPLOYMENT_TARGET = 10.12;
				MTL_ENABLE_DEBUG_INFO = NO;
				SDKROOT = macosx;
				SWIFT_COMPILATION_MODE = wholemodule;
			};
			name = Release;
		};
		FD0B109C1E2F8ACD00AED458 /* Debug */ = {
			isa = XCBuildConfiguration;
			buildSettings = {
				DEVELOPMENT_TEAM = WZ2UP2QF9G;
				FRAMEWORK_SEARCH_PATHS = (
					"$(inherited)",
					"$(TOOLCHAIN_DIR)/usr/lib",
				);
				LD_RUNPATH_SEARCH_PATHS = "$(TOOLCHAIN_DIR)/usr/lib";
				PRODUCT_NAME = "$(TARGET_NAME)";
				SWIFTSHIELDED = true;
				SWIFT_OBJC_BRIDGING_HEADER = "swiftshield-Sources/SwiftShield-Bridging-Header.h";
				SWIFT_VERSION = 4.2;
			};
			name = Debug;
		};
		FD0B109D1E2F8ACD00AED458 /* Release */ = {
			isa = XCBuildConfiguration;
			buildSettings = {
				DEVELOPMENT_TEAM = WZ2UP2QF9G;
				FRAMEWORK_SEARCH_PATHS = (
					"$(inherited)",
					"$(TOOLCHAIN_DIR)/usr/lib",
				);
				LD_RUNPATH_SEARCH_PATHS = "$(TOOLCHAIN_DIR)/usr/lib";
				PRODUCT_NAME = "$(TARGET_NAME)";
				SWIFTSHIELDED = true;
				SWIFT_OBJC_BRIDGING_HEADER = "swiftshield-Sources/SwiftShield-Bridging-Header.h";
				SWIFT_VERSION = 4.2;
			};
			name = Release;
		};
		FD5315D6212F872E001EA977 /* Debug */ = {
			isa = XCBuildConfiguration;
			buildSettings = {
				CLANG_ANALYZER_NUMBER_OBJECT_CONVERSION = YES_AGGRESSIVE;
				CLANG_CXX_LANGUAGE_STANDARD = "gnu++14";
				CLANG_ENABLE_OBJC_WEAK = YES;
				CLANG_WARN_BLOCK_CAPTURE_AUTORELEASING = YES;
				CLANG_WARN_COMMA = YES;
				CLANG_WARN_DEPRECATED_OBJC_IMPLEMENTATIONS = YES;
				CLANG_WARN_NON_LITERAL_NULL_CONVERSION = YES;
				CLANG_WARN_OBJC_IMPLICIT_RETAIN_SELF = YES;
				CLANG_WARN_OBJC_LITERAL_CONVERSION = YES;
				CLANG_WARN_RANGE_LOOP_ANALYSIS = YES;
				CLANG_WARN_STRICT_PROTOTYPES = YES;
				CLANG_WARN_SUSPICIOUS_MOVE = YES;
				CLANG_WARN_UNGUARDED_AVAILABILITY = YES_AGGRESSIVE;
				CODE_SIGN_STYLE = Automatic;
				COMBINE_HIDPI_IMAGES = YES;
				FRAMEWORK_SEARCH_PATHS = "$(TOOLCHAIN_DIR)/usr/lib";
				GCC_C_LANGUAGE_STANDARD = gnu11;
				INFOPLIST_FILE = SwiftShieldTests/Info.plist;
				LD_RUNPATH_SEARCH_PATHS = "$(inherited) @executable_path/../Frameworks @loader_path/../Frameworks $(TOOLCHAIN_DIR)/usr/lib";
				MACOSX_DEPLOYMENT_TARGET = 10.13;
				PRODUCT_BUNDLE_IDENTIFIER = com.rockbruno.SwiftShieldTests;
				PRODUCT_NAME = "$(TARGET_NAME)";
				SWIFT_ACTIVE_COMPILATION_CONDITIONS = DEBUG;
				SWIFT_OBJC_BRIDGING_HEADER = "swiftshield-Sources/SwiftShield-Bridging-Header.h";
				SWIFT_VERSION = 4.2;
			};
			name = Debug;
		};
		FD5315D7212F872E001EA977 /* Release */ = {
			isa = XCBuildConfiguration;
			buildSettings = {
				CLANG_ANALYZER_NUMBER_OBJECT_CONVERSION = YES_AGGRESSIVE;
				CLANG_CXX_LANGUAGE_STANDARD = "gnu++14";
				CLANG_ENABLE_OBJC_WEAK = YES;
				CLANG_WARN_BLOCK_CAPTURE_AUTORELEASING = YES;
				CLANG_WARN_COMMA = YES;
				CLANG_WARN_DEPRECATED_OBJC_IMPLEMENTATIONS = YES;
				CLANG_WARN_NON_LITERAL_NULL_CONVERSION = YES;
				CLANG_WARN_OBJC_IMPLICIT_RETAIN_SELF = YES;
				CLANG_WARN_OBJC_LITERAL_CONVERSION = YES;
				CLANG_WARN_RANGE_LOOP_ANALYSIS = YES;
				CLANG_WARN_STRICT_PROTOTYPES = YES;
				CLANG_WARN_SUSPICIOUS_MOVE = YES;
				CLANG_WARN_UNGUARDED_AVAILABILITY = YES_AGGRESSIVE;
				CODE_SIGN_STYLE = Automatic;
				COMBINE_HIDPI_IMAGES = YES;
				FRAMEWORK_SEARCH_PATHS = "$(TOOLCHAIN_DIR)/usr/lib";
				GCC_C_LANGUAGE_STANDARD = gnu11;
				INFOPLIST_FILE = SwiftShieldTests/Info.plist;
				LD_RUNPATH_SEARCH_PATHS = "$(inherited) @executable_path/../Frameworks @loader_path/../Frameworks $(TOOLCHAIN_DIR)/usr/lib";
				MACOSX_DEPLOYMENT_TARGET = 10.13;
				PRODUCT_BUNDLE_IDENTIFIER = com.rockbruno.SwiftShieldTests;
				PRODUCT_NAME = "$(TARGET_NAME)";
				SWIFT_OBJC_BRIDGING_HEADER = "swiftshield-Sources/SwiftShield-Bridging-Header.h";
				SWIFT_OPTIMIZATION_LEVEL = "-Owholemodule";
				SWIFT_VERSION = 4.2;
			};
			name = Release;
		};
/* End XCBuildConfiguration section */

/* Begin XCConfigurationList section */
		FD0B108F1E2F8ACD00AED458 /* Build configuration list for PBXProject "swiftshield" */ = {
			isa = XCConfigurationList;
			buildConfigurations = (
				FD0B10991E2F8ACD00AED458 /* Debug */,
				FD0B109A1E2F8ACD00AED458 /* Release */,
			);
			defaultConfigurationIsVisible = 0;
			defaultConfigurationName = Release;
		};
		FD0B109B1E2F8ACD00AED458 /* Build configuration list for PBXNativeTarget "swiftshield" */ = {
			isa = XCConfigurationList;
			buildConfigurations = (
				FD0B109C1E2F8ACD00AED458 /* Debug */,
				FD0B109D1E2F8ACD00AED458 /* Release */,
			);
			defaultConfigurationIsVisible = 0;
			defaultConfigurationName = Release;
		};
		FD5315D8212F872E001EA977 /* Build configuration list for PBXNativeTarget "SwiftShieldTests" */ = {
			isa = XCConfigurationList;
			buildConfigurations = (
				FD5315D6212F872E001EA977 /* Debug */,
				FD5315D7212F872E001EA977 /* Release */,
			);
			defaultConfigurationIsVisible = 0;
			defaultConfigurationName = Release;
		};
/* End XCConfigurationList section */
	};
	rootObject = FD0B108C1E2F8ACD00AED458 /* Project object */;
}
