PODS:
  - AWSCore (2.9.7)
  - Cartography (3.1.0)
  - Unbox (4.0.0)

DEPENDENCIES:
  - AWSCore
  - Cartography
  - Unbox

SPEC REPOS:
  https://github.com/cocoapods/specs.git:
    - AWSCore
    - Cartography
    - Unbox

SPEC CHECKSUMS:
  AWSCore: c98ab96784580d7a141c6f1999aa919ef45a312c
  Cartography: 1988b7578871a56c036e7af17195cb2190edf18c
  Unbox: d2677af8fde59a30141e02981b11cb6a0e3b6bc5

PODFILE CHECKSUM: 79eed612af22e9011a0552e4660dd47f4d644232

COCOAPODS: 1.6.2
